// !$*UTF8*$!
{
    archiveVersion = 1;
    classes = {
    };
    objectVersion = 46;
    objects = {

/* Begin PBXAggregateTarget section */
		AAF7B1B91FD070478B9C83D8 /* Framework */ = {
			isa = PBXAggregateTarget;
			buildConfigurationList = AAF15963EF1C3B44DE874FF9 /* Build configuration list for PBXAggregateTarget "Framework" */;
			buildPhases = (
				AAA82E0C34C69145CBBF47D1 /* MultiBuild Framework */,
			);
			dependencies = (
				AAF4B7A6C9DF274C3B9BE561 /* PBXTargetDependency */,
			);
			name = Framework;
			productName = Framework;
		};
/* End PBXAggregateTarget section */

/* Begin PBXBuildFile section */
        AAC689F46754DB44A98A3309 /* Foundation.framework in Frameworks */ = {isa = PBXBuildFile; fileRef = AA6E0AF2268DC247A5A6E530 /* Foundation.framework */; };
        AA1BE9865A7B084348B1D3F6 /* Foundation.framework in Frameworks */ = {isa = PBXBuildFile; fileRef = AA6E0AF2268DC247A5A6E530 /* Foundation.framework */; };
        AA864A9B171FA340A4B8AC65 /* UIKit.framework in Frameworks */ = {isa = PBXBuildFile; fileRef = AAE3DE7555182149659AAAF9 /* UIKit.framework */; };
        AA956C468EBD7F491E83DDB2 /* libDigitalNewzealandRR.a in Frameworks */ = {isa = PBXBuildFile; fileRef = AA81FCAF529EE745E3B7B0A0 /* libDigitalNewzealandRR.a */; };
        AA1467AFDAB6154D0E8A0CAC /* APIHelper.m in Sources */ = {isa = PBXBuildFile; fileRef = AAD467C02066394ECC80B994 /* APIHelper.m */; };
        AA179AD3FAC466491D9B603C /* APIError.m in Sources */ = {isa = PBXBuildFile; fileRef = AA527EAD0961304AF0B91908 /* APIError.m */; };
        AA23801E866FB34CBAB5E0C2 /* Configuration.m in Sources */ = {isa = PBXBuildFile; fileRef = AA7A197FAA2EC24E35B68A5B /* Configuration.m */; };
		AAFBA7DC1148C44CFF9E361A /* SearchRecordInput.h in Headers */ = {isa = PBXBuildFile; fileRef = AAE85A984B8F5C4B188DAE3E /* SearchRecordInput.h */; settings = {ATTRIBUTES = (Public, ); }; };
		AA6786FC8391E34BFA8D9108 /* SearchRecordInput.m in Sources */ = {isa = PBXBuildFile; fileRef = AA99DC171A87844863807915 /* SearchRecordInput.m */; };
		AA4526352644114E1DACAFD5 /* GetMetadataInput.h in Headers */ = {isa = PBXBuildFile; fileRef = AA663A72D382E74DA0BE5A4A /* GetMetadataInput.h */; settings = {ATTRIBUTES = (Public, ); }; };
		AAC55B140997C0409AA7B516 /* GetMetadataInput.m in Sources */ = {isa = PBXBuildFile; fileRef = AADD1F5BB515E24663B0FE29 /* GetMetadataInput.m */; };
		AA4ABA1F654AE74F6B810478 /* ResultsCollection.h in Headers */ = {isa = PBXBuildFile; fileRef = AA62237C8F61394EBFA9E46F /* ResultsCollection.h */; settings = {ATTRIBUTES = (Public, ); }; };
		AAEA5ED36BD0CD4CCC8606C9 /* ResultsCollection.m in Sources */ = {isa = PBXBuildFile; fileRef = AAB98F30BC20994B099C6173 /* ResultsCollection.m */; };
		AAE954C5F1EF7D47AEB2DBFD /* CollectionSearchRecords.h in Headers */ = {isa = PBXBuildFile; fileRef = AAD9A8951BD4454D24B1C1F2 /* CollectionSearchRecords.h */; settings = {ATTRIBUTES = (Public, ); }; };
		AA953D28BE9E304CC2A1A136 /* CollectionSearchRecords.m in Sources */ = {isa = PBXBuildFile; fileRef = AAA861623ACF71489A8FC72B /* CollectionSearchRecords.m */; };
		AA065D90424D244498894D91 /* SearchRecordController.h in Headers */ = {isa = PBXBuildFile; fileRef = AA3AED8EF32BF8470BA945CD /* SearchRecordController.h */; settings = {ATTRIBUTES = (Public, ); }; };
		AAFF0429A01D504EC6A611C8 /* SearchRecordController.m in Sources */ = {isa = PBXBuildFile; fileRef = AA59F1296FA7D04557ADD620 /* SearchRecordController.m */; };
		AA47B6B5562BF24845942F33 /* MetadataController.h in Headers */ = {isa = PBXBuildFile; fileRef = AAF0A301CE57D14C1B96B3E2 /* MetadataController.h */; settings = {ATTRIBUTES = (Public, ); }; };
		AAD9858EF285CB4E5D82F18C /* MetadataController.m in Sources */ = {isa = PBXBuildFile; fileRef = AA670249FF2E874818B01D11 /* MetadataController.m */; };
		AAF7EEAB2D494F4E2EB9EEC7 /* Configuration.h in Headers */ = {isa = PBXBuildFile; fileRef = AAAD2AD287DE4C4357BA536F /* Configuration.h */; settings = {ATTRIBUTES = (Public, ); }; };
		AAF0D5BD13CACD4F26B5EEBB /* APIError.h in Headers */ = {isa = PBXBuildFile; fileRef = AA17D2112FBCFD42F0A233D6 /* APIError.h */; settings = {ATTRIBUTES = (Public, ); }; };
		AAF5F518F9E14D4821934AF3 /* APIHelper.h in Headers */ = {isa = PBXBuildFile; fileRef = AAF83D1EA18C0944FBBF7EE0 /* APIHelper.h */; settings = {ATTRIBUTES = (Public, ); }; };
		AAD52BC42DC09346CA805633 /* libPods.a in Frameworks */ = {isa = PBXBuildFile; fileRef = AAA13766E4527943B3BE0A9C /* libPods.a */; };
		AA029BE43A4F3D424EBA6DF5 /* libJSONModel.a in Frameworks */ = {isa = PBXBuildFile; fileRef = AAEA851F0CB61345A290C75B /* libJSONModel.a */; };		
		AA0D0A003448FC4FF29BD1EC /* libUnirest.a in Frameworks */ = {isa = PBXBuildFile; fileRef = AAA3B65A2777AA4BA0B9EF10 /* libUnirest.a */; };
		AAC560BCDE4B074BD595F3D5 /* IHttpClient.h in Headers */ = {isa = PBXBuildFile; fileRef = AA7CA9A5843AFC4730A7267A /* IHttpClient.h */; settings = {ATTRIBUTES = (Public, ); }; };
		AA688EA34E80A6400CA54A60 /* HttpContext.h in Headers */ = {isa = PBXBuildFile; fileRef = AA6AD8E22CE83E4B8A9403A2 /* HttpContext.h */; settings = {ATTRIBUTES = (Public, ); }; };
		AAA153D4B02F964BFFAD03C2 /* HttpContext.m in Sources */ = {isa = PBXBuildFile; fileRef = AACD032C87D6B1403D8A6D7A /* HttpContext.m */; };

		AA50A1FC2645DC4334B6A3BC /* UnirestClient.h in Headers */ = {isa = PBXBuildFile; fileRef = AAEBD8D4FC8A8544F7B107C5 /* UnirestClient.h */; settings = {ATTRIBUTES = (Public, ); }; };
		AA403BC588C7BE45AB871BFF /* UnirestClient.m in Sources */ = {isa = PBXBuildFile; fileRef = AA8A0B48B980524023A82B6E /* UnirestClient.m */; };
		AA35BCA10FA694448C8D105C /* HttpBodyRequest.h in Headers */ = {isa = PBXBuildFile; fileRef = AA471B59CB7EBE4961A8EA40 /* HttpBodyRequest.h */; settings = {ATTRIBUTES = (Public, ); }; };
		AA9798433B20C94F1E97EF2F /* HttpBodyRequest.m in Sources */ = {isa = PBXBuildFile; fileRef = AAA68B810E6AF74DBD8EB252 /* HttpBodyRequest.m */; };
		AA42A758CA4A674434B3C010 /* HttpMethod.h in Headers */ = {isa = PBXBuildFile; fileRef = AA2F4DE29DFF0A4E22AB96E9 /* HttpMethod.h */; settings = {ATTRIBUTES = (Public, ); }; };
		AA8ABE96F4266845B8A595B6 /* HttpRequest.h in Headers */ = {isa = PBXBuildFile; fileRef = AAD981F4B4BA8549A6A173C0 /* HttpRequest.h */; settings = {ATTRIBUTES = (Public, ); }; };
		AA74F29EBB57BF4FF49203F7 /* HttpRequest.m in Sources */ = {isa = PBXBuildFile; fileRef = AA038543B87D054787926D6E /* HttpRequest.m */; };
		AAA2047354D15F48B1B984E6 /* HttpResponse.h in Headers */ = {isa = PBXBuildFile; fileRef = AAD0AA2170523C4EC5B11CC3 /* HttpResponse.h */; settings = {ATTRIBUTES = (Public, ); }; };
		AA5470019E363447F1AA1747 /* HttpResponse.m in Sources */ = {isa = PBXBuildFile; fileRef = AA093903902841406D9848DE /* HttpResponse.m */; };
		AA60A541B501B143598BAE45 /* HttpStringResponse.h in Headers */ = {isa = PBXBuildFile; fileRef = AA0386216A555242C9AEA069 /* HttpStringResponse.h */; settings = {ATTRIBUTES = (Public, ); }; };
		AADCBB53092E8844A094B02C /* HttpStringResponse.m in Sources */ = {isa = PBXBuildFile; fileRef = AA64B8C2B1694445828A962B /* HttpStringResponse.m */; };
		AA32064A84D1F5437DA589CA /* BaseController.h in Headers */ = {isa = PBXBuildFile; fileRef = AA74343CBB2F70429EA437E4 /* BaseController.h */; settings = {ATTRIBUTES = (Public, ); }; };
		AA25596FB905E54D1F8C98D6 /* BaseController.m in Sources */ = {isa = PBXBuildFile; fileRef = AAB797A2526A66495389DD5F /* BaseController.m */; };
/* End PBXBuildFile section */

/* Begin PBXContainerItemProxy section */
		AA35E12FD3D7C34967AC5E21 /* PBXContainerItemProxy */ = {
			isa = PBXContainerItemProxy;
			containerPortal = AAC9E195A7931D44B78A1681 /* Project object */;
			proxyType = 1;
			remoteGlobalIDString = AA1966C4B7671B4AB6A5BC19;
			remoteInfo = DigitalNewzealandRR;
		};
        AA35E12FD3D7C34967AC5E21 /* PBXContainerItemProxy */ = {
            isa = PBXContainerItemProxy;
            containerPortal = AAC6E8C328D32949B3B88911 /* Project object */;
            proxyType = 1;
            remoteGlobalIDString = AA1966C4B7671B4AB6A5BC19;
            remoteInfo = DigitalNewzealandRR;
        };
/* End PBXContainerItemProxy section */

/* Begin PBXCopyFilesBuildPhase section */
        AA6C2AE549536F4A07AD45F5 /* CopyFiles */ = {
            isa = PBXCopyFilesBuildPhase;
            buildActionMask = 2147483647;
            dstPath = "include/$(PRODUCT_NAME)";
            dstSubfolderSpec = 16;
            files = (
            );
            runOnlyForDeploymentPostprocessing = 0;
        };
/* End PBXCopyFilesBuildPhase section */

/* Begin PBXFileReference section */
        AA81FCAF529EE745E3B7B0A0 /* libDigitalNewzealandRR.a */ = {isa = PBXFileReference; explicitFileType = archive.ar; includeInIndex = 0; path = libDigitalNewzealandRR.a; sourceTree = BUILT_PRODUCTS_DIR; };
        AA6E0AF2268DC247A5A6E530 /* Foundation.framework */ = {isa = PBXFileReference; lastKnownFileType = wrapper.framework; name = Foundation.framework; path = System/Library/Frameworks/Foundation.framework; sourceTree = SDKROOT; };
        AA0E465DEBAFCA434C804CF6 /* DigitalNewzealandRR-Prefix.pch */ = {isa = PBXFileReference; lastKnownFileType = sourcecode.c.h; path = "DigitalNewzealandRR-Prefix.pch"; sourceTree = "<group>"; };
        AAE3DE7555182149659AAAF9 /* UIKit.framework */ = {isa = PBXFileReference; lastKnownFileType = wrapper.framework; name = UIKit.framework; path = Library/Frameworks/UIKit.framework; sourceTree = DEVELOPER_DIR; };
        AAD467C02066394ECC80B994 /* APIHelper.m */ = {isa = PBXFileReference; fileEncoding = 4; lastKnownFileType = sourcecode.c.objc; path = APIHelper.m; sourceTree = "<group>"; };
        AAF83D1EA18C0944FBBF7EE0 /* APIHelper.h */ = {isa = PBXFileReference; fileEncoding = 4; lastKnownFileType = sourcecode.c.h; path = APIHelper.h; sourceTree = "<group>"; };		
        AA527EAD0961304AF0B91908 /* APIError.m */ = {isa = PBXFileReference; fileEncoding = 4; lastKnownFileType = sourcecode.c.objc; path = APIError.m; sourceTree = "<group>"; };
        AA17D2112FBCFD42F0A233D6 /* APIError.h */ = {isa = PBXFileReference; fileEncoding = 4; lastKnownFileType = sourcecode.c.h; path = APIError.h; sourceTree = "<group>"; };
        AA7A197FAA2EC24E35B68A5B /* Configuration.m */ = {isa = PBXFileReference; fileEncoding = 4; lastKnownFileType = sourcecode.c.objc; path = Configuration.m; sourceTree = "<group>"; };
        AAAD2AD287DE4C4357BA536F /* Configuration.h */ = {isa = PBXFileReference; fileEncoding = 4; lastKnownFileType = sourcecode.c.h; path = Configuration.h; sourceTree = "<group>"; };
		AAE85A984B8F5C4B188DAE3E /* SearchRecordInput.h */ = {isa = PBXFileReference; fileEncoding = 4; lastKnownFileType = sourcecode.c.h; name = SearchRecordInput.h; path = Models/SearchRecordInput.h; sourceTree = "<group>"; };
		AA99DC171A87844863807915 /* SearchRecordInput.m */ = {isa = PBXFileReference; fileEncoding = 4; lastKnownFileType = sourcecode.c.objc; name = SearchRecordInput.m; path = Models/SearchRecordInput.m; sourceTree = "<group>"; };
		AA663A72D382E74DA0BE5A4A /* GetMetadataInput.h */ = {isa = PBXFileReference; fileEncoding = 4; lastKnownFileType = sourcecode.c.h; name = GetMetadataInput.h; path = Models/GetMetadataInput.h; sourceTree = "<group>"; };
		AADD1F5BB515E24663B0FE29 /* GetMetadataInput.m */ = {isa = PBXFileReference; fileEncoding = 4; lastKnownFileType = sourcecode.c.objc; name = GetMetadataInput.m; path = Models/GetMetadataInput.m; sourceTree = "<group>"; };
		AA62237C8F61394EBFA9E46F /* ResultsCollection.h */ = {isa = PBXFileReference; fileEncoding = 4; lastKnownFileType = sourcecode.c.h; name = ResultsCollection.h; path = Models/ResultsCollection.h; sourceTree = "<group>"; };
		AAB98F30BC20994B099C6173 /* ResultsCollection.m */ = {isa = PBXFileReference; fileEncoding = 4; lastKnownFileType = sourcecode.c.objc; name = ResultsCollection.m; path = Models/ResultsCollection.m; sourceTree = "<group>"; };
		AAD9A8951BD4454D24B1C1F2 /* CollectionSearchRecords.h */ = {isa = PBXFileReference; fileEncoding = 4; lastKnownFileType = sourcecode.c.h; name = CollectionSearchRecords.h; path = Models/CollectionSearchRecords.h; sourceTree = "<group>"; };
		AAA861623ACF71489A8FC72B /* CollectionSearchRecords.m */ = {isa = PBXFileReference; fileEncoding = 4; lastKnownFileType = sourcecode.c.objc; name = CollectionSearchRecords.m; path = Models/CollectionSearchRecords.m; sourceTree = "<group>"; };
		AA3AED8EF32BF8470BA945CD /* SearchRecordController.h */ = {isa = PBXFileReference; fileEncoding = 4; lastKnownFileType = sourcecode.c.h; name = SearchRecordController.h; path = Controllers/SearchRecordController.h; sourceTree = "<group>"; };
		AA59F1296FA7D04557ADD620 /* SearchRecordController.m */ = {isa = PBXFileReference; fileEncoding = 4; lastKnownFileType = sourcecode.c.objc; name = SearchRecordController.m; path = Controllers/SearchRecordController.m; sourceTree = "<group>"; };
		AAF0A301CE57D14C1B96B3E2 /* MetadataController.h */ = {isa = PBXFileReference; fileEncoding = 4; lastKnownFileType = sourcecode.c.h; name = MetadataController.h; path = Controllers/MetadataController.h; sourceTree = "<group>"; };
		AA670249FF2E874818B01D11 /* MetadataController.m */ = {isa = PBXFileReference; fileEncoding = 4; lastKnownFileType = sourcecode.c.objc; name = MetadataController.m; path = Controllers/MetadataController.m; sourceTree = "<group>"; };
		AAA13766E4527943B3BE0A9C /* libPods.a */ = {isa = PBXFileReference; explicitFileType = archive.ar; includeInIndex = 0; path = libPods.a; sourceTree = BUILT_PRODUCTS_DIR; };
		AAEA851F0CB61345A290C75B /* libJSONModel.a */ = {isa = PBXFileReference; lastKnownFileType = file; name = "libJSONModel.a"; path = "libJSONModel.a"; sourceTree = "<group>"; };
		AAA3B65A2777AA4BA0B9EF10 /* libUnirest.a */ = {isa = PBXFileReference; lastKnownFileType = file; name = "libUnirest.a"; path = "libUnirest.a"; sourceTree = "<group>"; };
        AA7CA9A5843AFC4730A7267A /* IHttpClient.h */ = {isa = PBXFileReference; fileEncoding = 4; lastKnownFileType = sourcecode.c.h; name = IHttpClient.h; path = Http/Client/IHttpClient.h; sourceTree = "<group>"; };
		AAEBD8D4FC8A8544F7B107C5 /* UnirestClient.h */ = {isa = PBXFileReference; fileEncoding = 4; lastKnownFileType = sourcecode.c.h; name = UnirestClient.h; path = Http/Client/UnirestClient.h; sourceTree = "<group>"; };
		AA8A0B48B980524023A82B6E /* UnirestClient.m */ = {isa = PBXFileReference; fileEncoding = 4; lastKnownFileType = sourcecode.c.objc; name = UnirestClient.m; path = Http/Client/UnirestClient.m; sourceTree = "<group>"; };
		AA6AD8E22CE83E4B8A9403A2 /* HttpContext.h */ = {isa = PBXFileReference; fileEncoding = 4; lastKnownFileType = sourcecode.c.h; name = HttpContext.h; path = Http/Client/HttpContext.h; sourceTree = "<group>"; };
		AACD032C87D6B1403D8A6D7A /* HttpContext.m */ = {isa = PBXFileReference; fileEncoding = 4; lastKnownFileType = sourcecode.c.objc;name = HttpContext.m;  path = Http/Client/HttpContext.m; sourceTree = "<group>"; };

		AA471B59CB7EBE4961A8EA40 /* HttpBodyRequest.h */ = {isa = PBXFileReference; fileEncoding = 4; lastKnownFileType = sourcecode.c.h; name = HttpBodyRequest.h; path = Http/Request/HttpBodyRequest.h; sourceTree = "<group>"; };
		AAA68B810E6AF74DBD8EB252 /* HttpBodyRequest.m */ = {isa = PBXFileReference; fileEncoding = 4; lastKnownFileType = sourcecode.c.objc; name = HttpBodyRequest.m; path = Http/Request/HttpBodyRequest.m; sourceTree = "<group>"; };
		AA2F4DE29DFF0A4E22AB96E9 /* HttpMethod.h */ = {isa = PBXFileReference; fileEncoding = 4; lastKnownFileType = sourcecode.c.h; name = HttpMethod.h; path = Http/Request/HttpMethod.h; sourceTree = "<group>"; };
		AAD981F4B4BA8549A6A173C0 /* HttpRequest.h */ = {isa = PBXFileReference; fileEncoding = 4; lastKnownFileType = sourcecode.c.h; name = HttpRequest.h; path = Http/Request/HttpRequest.h; sourceTree = "<group>"; };
		AA038543B87D054787926D6E /* HttpRequest.m */ = {isa = PBXFileReference; fileEncoding = 4; lastKnownFileType = sourcecode.c.objc; name = HttpRequest.m; path = Http/Request/HttpRequest.m; sourceTree = "<group>"; };
		AAD0AA2170523C4EC5B11CC3 /* HttpResponse.h */ = {isa = PBXFileReference; fileEncoding = 4; lastKnownFileType = sourcecode.c.h; name = HttpResponse.h; path = Http/Response/HttpResponse.h; sourceTree = "<group>"; };
		AA093903902841406D9848DE /* HttpResponse.m */ = {isa = PBXFileReference; fileEncoding = 4; lastKnownFileType = sourcecode.c.objc; name = HttpResponse.m; path = Http/Response/HttpResponse.m; sourceTree = "<group>"; };
		AA0386216A555242C9AEA069 /* HttpStringResponse.h */ = {isa = PBXFileReference; fileEncoding = 4; lastKnownFileType = sourcecode.c.h; name = HttpStringResponse.h; path = Http/Response/HttpStringResponse.h; sourceTree = "<group>"; };
		AA64B8C2B1694445828A962B /* HttpStringResponse.m */ = {isa = PBXFileReference; fileEncoding = 4; lastKnownFileType = sourcecode.c.objc; name = HttpStringResponse.m; path = Http/Response/HttpStringResponse.m; sourceTree = "<group>"; };
		AA74343CBB2F70429EA437E4 /* BaseController.h */ = {isa = PBXFileReference; fileEncoding = 4; lastKnownFileType = sourcecode.c.h; name = BaseController.h; path = Controllers/BaseController.h; sourceTree = "<group>"; };
		AAB797A2526A66495389DD5F /* BaseController.m */ = {isa = PBXFileReference; fileEncoding = 4; lastKnownFileType = sourcecode.c.objc; name = BaseController.m; path = Controllers/BaseController.m; sourceTree = "<group>"; };
/* End PBXFileReference section */

/* Begin PBXFrameworksBuildPhase section */
        AAE98E8600A71C4C12A21FB2 /* Frameworks */ = {
            isa = PBXFrameworksBuildPhase;
            buildActionMask = 2147483647;
            files = (
                AAC689F46754DB44A98A3309 /* Foundation.framework in Frameworks */,
				AA0D0A003448FC4FF29BD1EC /* libUnirest.a in Frameworks */,				
				AA029BE43A4F3D424EBA6DF5 /* libJSONModel.a in Frameworks */,				
				AAD52BC42DC09346CA805633 /* libPods.a in Frameworks */,
            );
            runOnlyForDeploymentPostprocessing = 0;
        };
        AA2DE65AE3B00E4AE9A0AAD1 /* Frameworks */ = {
            isa = PBXFrameworksBuildPhase;
            buildActionMask = 2147483647;
            files = (
                AA864A9B171FA340A4B8AC65 /* UIKit.framework in Frameworks */,
                AA956C468EBD7F491E83DDB2 /* libDigitalNewzealandRR.a in Frameworks */,
                AA1BE9865A7B084348B1D3F6 /* Foundation.framework in Frameworks */,
            );
            runOnlyForDeploymentPostprocessing = 0;
        };
/* End PBXFrameworksBuildPhase section */

/* Begin PBXGroup section */
        AA6B536CC5B30A406398B1D7 = {
            isa = PBXGroup;
            children = (
                AA38F585F4BA0D49A8A7F7A3 /* DigitalNewzealandRR */,
                AA989A1BE813E04F8494D6CA /* Frameworks */,
                AAF3BBB16A3F214357908FED /* Products */,
            );
            sourceTree = "<group>";
        };
        AAF3BBB16A3F214357908FED /* Products */ = {
            isa = PBXGroup;
            children = (
                AA81FCAF529EE745E3B7B0A0 /* libDigitalNewzealandRR.a */,
            );
            name = Products;
            sourceTree = "<group>";
        };
        AA989A1BE813E04F8494D6CA /* Frameworks */ = {
            isa = PBXGroup;
            children = (
				AAA3B65A2777AA4BA0B9EF10 /* libUnirest.a */,
				AAEA851F0CB61345A290C75B /* libJSONModel.a */,
				AAA13766E4527943B3BE0A9C /* libPods.a */,
                AA6E0AF2268DC247A5A6E530 /* Foundation.framework */,
                AAE3DE7555182149659AAAF9 /* UIKit.framework */,
            );
            name = Frameworks;
            sourceTree = "<group>";
        };
        AA38F585F4BA0D49A8A7F7A3 /* DigitalNewzealandRR */ = {
            isa = PBXGroup;
            children = (
                AA9DA7E02966E04AAB82CE88 /* Models */,
                AA07C1AC17C7D248FEAC1E8C /* Http */,
                AA5935D0D5168242A2A1A6E3 /* Controllers */,
                AA0CD2869A71B540948270EC /* Supporting Files */,
                AAD467C02066394ECC80B994 /* APIHelper.m */,
                AAF83D1EA18C0944FBBF7EE0 /* APIHelper.h */,
                AA527EAD0961304AF0B91908 /* APIError.m */,
                AA17D2112FBCFD42F0A233D6 /* APIError.h */,
                AA7A197FAA2EC24E35B68A5B /* Configuration.m */,
                AAAD2AD287DE4C4357BA536F /* Configuration.h */,
            );
            path = DigitalNewzealandRR;
            sourceTree = "<group>";
        };
        AA0CD2869A71B540948270EC /* Supporting Files */ = {
            isa = PBXGroup;
            children = (
                AA0E465DEBAFCA434C804CF6 /* DigitalNewzealandRR-Prefix.pch */,
            );
            name = "Supporting Files";
            sourceTree = "<group>";
        };
        AA5935D0D5168242A2A1A6E3 /* Controllers */ = {
            isa = PBXGroup;
            children = (
				AA74343CBB2F70429EA437E4 /* BaseController.h */,
				AAB797A2526A66495389DD5F /* BaseController.m */,
				AA3AED8EF32BF8470BA945CD /* SearchRecordController.h */,
				AA59F1296FA7D04557ADD620 /* SearchRecordController.m */,
				AAF0A301CE57D14C1B96B3E2 /* MetadataController.h */,
				AA670249FF2E874818B01D11 /* MetadataController.m */,
            );
            name = Controllers;
            sourceTree = "<group>";
        };
		AA98735C51CD4C4D499D24DE /* Client */ = {
			isa = PBXGroup;
			children = (
				AA7CA9A5843AFC4730A7267A /* IHttpClient.h */,
				AAEBD8D4FC8A8544F7B107C5 /* UnirestClient.h */,
				AA8A0B48B980524023A82B6E /* UnirestClient.m */,
				AA6AD8E22CE83E4B8A9403A2 /* HttpContext.h */,
				AACD032C87D6B1403D8A6D7A /* HttpContext.m */,
			);
			name = Client;
			sourceTree = "<group>";
		};
		AA07C1AC17C7D248FEAC1E8C /* Http */ = {
			isa = PBXGroup;
			children = (
				AA6514881767134DC58887C0 /* Request */,
				AA98735C51CD4C4D499D24DE /* Client */,
				AAF364E141A0D6458BB75E9C /* Response */,
			);
			name = Http;
			sourceTree = "<group>";
		};
		AA6514881767134DC58887C0 /* Request */ = {
			isa = PBXGroup;
			children = (
				AA471B59CB7EBE4961A8EA40 /* HttpBodyRequest.h */,
				AAA68B810E6AF74DBD8EB252 /* HttpBodyRequest.m */,
				AA2F4DE29DFF0A4E22AB96E9 /* HttpMethod.h */,
				AAD981F4B4BA8549A6A173C0 /* HttpRequest.h */,
				AA038543B87D054787926D6E /* HttpRequest.m */,
			);
			name = Request;
			sourceTree = "<group>";
		};
		AAF364E141A0D6458BB75E9C /* Response */ = {
			isa = PBXGroup;
			children = (
				AAD0AA2170523C4EC5B11CC3 /* HttpResponse.h */,
				AA093903902841406D9848DE /* HttpResponse.m */,
				AA0386216A555242C9AEA069 /* HttpStringResponse.h */,
				AA64B8C2B1694445828A962B /* HttpStringResponse.m */,
			);
			name = Response;
			sourceTree = "<group>";
		};
        AA9DA7E02966E04AAB82CE88 /* Models */ = {
            isa = PBXGroup;
            children = (
				AAE85A984B8F5C4B188DAE3E /* SearchRecordInput.h */,
				AA99DC171A87844863807915 /* SearchRecordInput.m */,
				AA663A72D382E74DA0BE5A4A /* GetMetadataInput.h */,
				AADD1F5BB515E24663B0FE29 /* GetMetadataInput.m */,
				AA62237C8F61394EBFA9E46F /* ResultsCollection.h */,
				AAB98F30BC20994B099C6173 /* ResultsCollection.m */,
				AAD9A8951BD4454D24B1C1F2 /* CollectionSearchRecords.h */,
				AAA861623ACF71489A8FC72B /* CollectionSearchRecords.m */,
            );
            name = Models;
            sourceTree = "<group>";
        };
/* End PBXGroup section */

/* Begin PBXHeadersBuildPhase section */
		AA1F58242A20854F99B2E194 /* Headers */ = {
			isa = PBXHeadersBuildPhase;
			buildActionMask = 2147483647;
			files = (
		AAFBA7DC1148C44CFF9E361A /* SearchRecordInput.h in Headers */,
		AA4526352644114E1DACAFD5 /* GetMetadataInput.h in Headers */,
		AA4ABA1F654AE74F6B810478 /* ResultsCollection.h in Headers */,
		AAE954C5F1EF7D47AEB2DBFD /* CollectionSearchRecords.h in Headers */,
		AA065D90424D244498894D91 /* SearchRecordController.h in Headers */,
		AA47B6B5562BF24845942F33 /* MetadataController.h in Headers */,
		AAF5F518F9E14D4821934AF3 /* APIHelper.h in Headers */,
		AAF7EEAB2D494F4E2EB9EEC7 /* Configuration.h in Headers */,
		AAF0D5BD13CACD4F26B5EEBB /* APIError.h in Headers */,
		AA35BCA10FA694448C8D105C /* HttpBodyRequest.h in Headers */,
		AA8ABE96F4266845B8A595B6 /* HttpRequest.h in Headers */,
		AAC560BCDE4B074BD595F3D5 /* IHttpClient.h in Headers */,
		AA688EA34E80A6400CA54A60 /* HttpContext.h in Headers */,

		AA32064A84D1F5437DA589CA /* BaseController.h in Headers */,
		AAA2047354D15F48B1B984E6 /* HttpResponse.h in Headers */,
		AA50A1FC2645DC4334B6A3BC /* UnirestClient.h in Headers */,
		AA60A541B501B143598BAE45 /* HttpStringResponse.h in Headers */,
		AA42A758CA4A674434B3C010 /* HttpMethod.h in Headers */,
			);
			runOnlyForDeploymentPostprocessing = 0;
		};
/* End PBXHeadersBuildPhase section */

/* Begin PBXNativeTarget section */
        AA1966C4B7671B4AB6A5BC19 /* DigitalNewzealandRR */ = {
            isa = PBXNativeTarget;
            buildConfigurationList = AACD2B2023099A4BF196DE73 /* Build configuration list for PBXNativeTarget "DigitalNewzealandRR" */;
            buildPhases = (
                AA1E433AAC98D942D8B90165 /* Sources */,
                AAE98E8600A71C4C12A21FB2 /* Frameworks */,
                AA6C2AE549536F4A07AD45F5 /* CopyFiles */,
				AA1F58242A20854F99B2E194 /* Headers */,
				AA0A5EB98C61854344B84484 /* Build Framework */,
            );
            buildRules = (
            );
            dependencies = (
            );
            name = DigitalNewzealandRR;
            productName = DigitalNewzealandRR;
            productReference = AA81FCAF529EE745E3B7B0A0 /* libDigitalNewzealandRR.a */;
            productType = "com.apple.product-type.library.static";
        };		
/* End PBXNativeTarget section */

/* Begin PBXProject section */
        AAC6E8C328D32949B3B88911 /* Project object */ = {
            isa = PBXProject;
            attributes = {
                LastUpgradeCheck = 0500;
                ORGANIZATIONNAME = APIMatic;
            };
            buildConfigurationList = AA96FDDB66045B4290B69330 /* Build configuration list for PBXProject "DigitalNewzealandRR" */;
            compatibilityVersion = "Xcode 3.2";
            developmentRegion = English;
            hasScannedForEncodings = 0;
            knownRegions = (
                en,
            );
            mainGroup = AA6B536CC5B30A406398B1D7;
            productRefGroup = AAF3BBB16A3F214357908FED /* Products */;
            projectDirPath = "";
            projectRoot = "";
            targets = (
                AA1966C4B7671B4AB6A5BC19 /* DigitalNewzealandRR */,
				AAF7B1B91FD070478B9C83D8 /* Framework */,
            );
        };
/* End PBXProject section */

/* Begin PBXShellScriptBuildPhase section */
		AA0A5EB98C61854344B84484 /* Build Framework */ = {
			isa = PBXShellScriptBuildPhase;
			buildActionMask = 2147483647;
			files = (
			);
			inputPaths = (
			);
			name = "Build Framework";
			outputPaths = (
			);
			runOnlyForDeploymentPostprocessing = 0;
			shellPath = /bin/sh;
			shellScript = "#Credit: http://www.raywenderlich.com/65964/create-a-framework-for-ios\nset -e\n\nexport FRAMEWORK_LOCN=\"${BUILT_PRODUCTS_DIR}/${PRODUCT_NAME}.framework\"\n\n# Create the path to the real Headers die\nmkdir -p \"${FRAMEWORK_LOCN}/Versions/A/Headers\"\n\n# Create the required symlinks\n/bin/ln -sfh A \"${FRAMEWORK_LOCN}/Versions/Current\"\n/bin/ln -sfh Versions/Current/Headers \"${FRAMEWORK_LOCN}/Headers\"\n/bin/ln -sfh \"Versions/Current/${PRODUCT_NAME}\" \\\n\"${FRAMEWORK_LOCN}/${PRODUCT_NAME}\"\n\n# Copy the public headers into the framework\n/bin/cp -f -r \"${PODS_ROOT}/Headers/Public/JSONModel/\" \\\n\"${FRAMEWORK_LOCN}/Versions/A/Headers\"\n\n# Copy the public headers into the framework\n/bin/cp -f -r \"${PODS_ROOT}/Headers/Public/Unirest/\" \\\n\"${FRAMEWORK_LOCN}/Versions/A/Headers\"\n\n# Copy the public headers into the framework\n/bin/cp -f -r \"${TARGET_BUILD_DIR}/${PUBLIC_HEADERS_FOLDER_PATH}/\" \\\n\"${FRAMEWORK_LOCN}/Versions/A/Headers\"";
		};
		AAA82E0C34C69145CBBF47D1 /* MultiBuild Framework */ = {
			isa = PBXShellScriptBuildPhase;
			buildActionMask = 2147483647;
			files = (
			);
			inputPaths = (
			);
			name = "MultiBuild Framework";
			outputPaths = (
			);
			runOnlyForDeploymentPostprocessing = 0;
			shellPath = /bin/sh;
			shellScript = "#Credit: http://www.raywenderlich.com/65964/create-a-framework-for-ios\nset -e\n\n# If we're already inside this script then die\nif [ -n \"$RW_MULTIPLATFORM_BUILD_IN_PROGRESS\" ]; then\nexit 0\nfi\n\nexport RW_MULTIPLATFORM_BUILD_IN_PROGRESS=1\n\nRW_FRAMEWORK_NAME=${PROJECT_NAME}\nRW_INPUT_STATIC_LIB=\"lib${PROJECT_NAME}.a\"\nRW_FRAMEWORK_LOCATION=\"${BUILT_PRODUCTS_DIR}/${RW_FRAMEWORK_NAME}.framework\"\n\nfunction build_static_library {\n    # Will rebuild the static library as specified\n    #     build_static_library sdk\n     \n     xcrun xcodebuild \\\n    -workspace \"${PROJECT_DIR}/${PROJECT_NAME}.xcworkspace\" \\\n    -scheme \"${TARGET_NAME}\" \\\n    -configuration \"${CONFIGURATION}\" \\\n    -sdk \"${1}\" \\\n    ONLY_ACTIVE_ARCH=NO \\\n    BUILD_DIR=\"${BUILD_DIR}\" \\\n    OBJROOT=\"${OBJROOT}\" \\\n    BUILD_ROOT=\"${BUILD_ROOT}\" \\\n    SYMROOT=\"${SYMROOT}\" $ACTION\n}\n\nfunction make_fat_library {\n    # Will smash 2 static libs together\n    #     make_fat_library in1 in2 out\n    xcrun lipo -create \"${1}\" \"${2}\" -output \"${3}\"\n}\n\n# 1 - Extract the platform (iphoneos/iphonesimulator) from the SDK name\nif [[ \"$SDK_NAME\" =~ ([A-Za-z]+) ]]; then\nRW_SDK_PLATFORM=${BASH_REMATCH[1]}\nelse\necho \"Could not find platform name from SDK_NAME: $SDK_NAME\"\nexit 1\nfi\n\n# 2 - Extract the version from the SDK\nif [[ \"$SDK_NAME\" =~ ([0-9]+.*$) ]]; then\nRW_SDK_VERSION=${BASH_REMATCH[1]}\nelse\necho \"Could not find sdk version from SDK_NAME: $SDK_NAME\"\nexit 1\nfi\n\n# 3 - Determine the other platform\nif [ \"$RW_SDK_PLATFORM\" == \"iphoneos\" ]; then\nRW_OTHER_PLATFORM=iphonesimulator\nelse\nRW_OTHER_PLATFORM=iphoneos\nfi\n\n# 4 - Find the build directory\nif [[ \"$BUILT_PRODUCTS_DIR\" =~ (.*)$RW_SDK_PLATFORM$ ]]; then\nRW_OTHER_BUILT_PRODUCTS_DIR=\"${BASH_REMATCH[1]}${RW_OTHER_PLATFORM}\"\nelse\necho \"Could not find other platform build directory.\"\nexit 1\nfi\n\n# Build the other platform.\nbuild_static_library \"${RW_OTHER_PLATFORM}${RW_SDK_VERSION}\"\n\n# If we're currently building for iphonesimulator, then need to rebuild\n#   to ensure that we get both i386 and x86_64\nif [ \"$RW_SDK_PLATFORM\" == \"iphonesimulator\" ]; then\nbuild_static_library \"${SDK_NAME}\"\nfi\n\n# Join the 2 static libs into 1 and push into the .framework\nmake_fat_library \"${BUILT_PRODUCTS_DIR}/${RW_INPUT_STATIC_LIB}\" \\\n\"${RW_OTHER_BUILT_PRODUCTS_DIR}/${RW_INPUT_STATIC_LIB}\" \\\n\"${RW_FRAMEWORK_LOCATION}/Versions/A/${RW_FRAMEWORK_NAME}\"\n\n# Ensure that the framework is present in both platform's build directories\ncp -a \"${RW_FRAMEWORK_LOCATION}/Versions/A/${RW_FRAMEWORK_NAME}\" \\\n\"${RW_OTHER_BUILT_PRODUCTS_DIR}/${RW_FRAMEWORK_NAME}.framework/Versions/A/${RW_FRAMEWORK_NAME}\"\n\n# Copy the framework to the user's desktop\nditto \"${RW_FRAMEWORK_LOCATION}\" \"${HOME}/Desktop/${RW_FRAMEWORK_NAME}.framework\"";
		};
/* End PBXShellScriptBuildPhase section */

/* Begin PBXSourcesBuildPhase section */
        AA1E433AAC98D942D8B90165 /* Sources */ = {
            isa = PBXSourcesBuildPhase;
            buildActionMask = 2147483647;
            files = (
                AA1467AFDAB6154D0E8A0CAC /* APIHelper.m in Sources */,
                AA179AD3FAC466491D9B603C /* APIError.m in Sources */,
                AA23801E866FB34CBAB5E0C2 /* Configuration.m in Sources */,
				AA6786FC8391E34BFA8D9108 /* SearchRecordInput.m in Sources */,
				AAC55B140997C0409AA7B516 /* GetMetadataInput.m in Sources */,
				AAEA5ED36BD0CD4CCC8606C9 /* ResultsCollection.m in Sources */,
				AA953D28BE9E304CC2A1A136 /* CollectionSearchRecords.m in Sources */,
				AAFF0429A01D504EC6A611C8 /* SearchRecordController.m in Sources */,
				AAD9858EF285CB4E5D82F18C /* MetadataController.m in Sources */,
				 AA9798433B20C94F1E97EF2F /* HttpBodyRequest.m in Sources */,
				 AA25596FB905E54D1F8C98D6 /* BaseController.m in Sources */,
				 AA403BC588C7BE45AB871BFF /* UnirestClient.m in Sources */,
				 AAA153D4B02F964BFFAD03C2 /* UnirestClient.m in Sources */,
				 AA5470019E363447F1AA1747 /* HttpResponse.m in Sources */,
				 AADCBB53092E8844A094B02C /* HttpStringResponse.m in Sources */,
				 AA74F29EBB57BF4FF49203F7 /* HttpRequest.m in Sources */,
            );
            runOnlyForDeploymentPostprocessing = 0;
        };
/* End PBXSourcesBuildPhase section */

/* Begin PBXTargetDependency section */
		AAF4B7A6C9DF274C3B9BE561 /* PBXTargetDependency */ = {
			isa = PBXTargetDependency;
			target = AA1966C4B7671B4AB6A5BC19 /* DigitalNewzealandRR */;
			targetProxy = AA35E12FD3D7C34967AC5E21 /* PBXContainerItemProxy */;
		};
        AA4982A509D78146F1866AC5 /* PBXTargetDependency */ = {
            isa = PBXTargetDependency;
            target = AA1966C4B7671B4AB6A5BC19 /* DigitalNewzealandRR */;
            targetProxy = AA35E12FD3D7C34967AC5E21 /* PBXContainerItemProxy */;
        };
/* End PBXTargetDependency section */

/* Begin XCBuildConfiguration section */
		AAE977DCC4B6FB4B85AF2EDE /* Debug */ = {
			isa = XCBuildConfiguration;
			buildSettings = {
				PRODUCT_NAME = "$(TARGET_NAME)";
			};
			name = Debug;
		};
		AA74083319F68E46948A9402 /* Release */ = {
			isa = XCBuildConfiguration;
			buildSettings = {
				PRODUCT_NAME = "$(TARGET_NAME)";
			};
			name = Release;
		};
        AA5E977971EDEF4C9489A4D9 /* Debug */ = {
            isa = XCBuildConfiguration;
            buildSettings = {
                ALWAYS_SEARCH_USER_PATHS = NO;
                ARCHS = "$(ARCHS_STANDARD_INCLUDING_64_BIT)";
                CLANG_CXX_LANGUAGE_STANDARD = "gnu++0x";
                CLANG_CXX_LIBRARY = "libc++";
                CLANG_ENABLE_MODULES = YES;
                CLANG_ENABLE_OBJC_ARC = YES;
                CLANG_WARN_BOOL_CONVERSION = YES;
                CLANG_WARN_CONSTANT_CONVERSION = YES;
                CLANG_WARN_DIRECT_OBJC_ISA_USAGE = YES_ERROR;
                CLANG_WARN_EMPTY_BODY = YES;
                CLANG_WARN_ENUM_CONVERSION = YES;
                CLANG_WARN_INT_CONVERSION = YES;
                CLANG_WARN_OBJC_ROOT_CLASS = YES_ERROR;
                CLANG_WARN__DUPLICATE_METHOD_MATCH = YES;
                COPY_PHASE_STRIP = NO;
                GCC_C_LANGUAGE_STANDARD = gnu99;
                GCC_DYNAMIC_NO_PIC = NO;
                GCC_OPTIMIZATION_LEVEL = 0;
                GCC_PREPROCESSOR_DEFINITIONS = (
                    "DEBUG=1",
                    "$(inherited)",
                );
                GCC_SYMBOLS_PRIVATE_EXTERN = NO;
                GCC_WARN_64_TO_32_BIT_CONVERSION = YES;
                GCC_WARN_ABOUT_RETURN_TYPE = YES_ERROR;
                GCC_WARN_UNDECLARED_SELECTOR = YES;
                GCC_WARN_UNINITIALIZED_AUTOS = YES;
                GCC_WARN_UNUSED_FUNCTION = YES;
                GCC_WARN_UNUSED_VARIABLE = YES;
                IPHONEOS_DEPLOYMENT_TARGET = 7.0;
                ONLY_ACTIVE_ARCH = YES;
                SDKROOT = iphoneos;
            };
            name = Debug;
        };
        AA5796E77E21914CA087CE65 /* Release */ = {
            isa = XCBuildConfiguration;
            buildSettings = {
                ALWAYS_SEARCH_USER_PATHS = NO;
                ARCHS = "$(ARCHS_STANDARD_INCLUDING_64_BIT)";
                CLANG_CXX_LANGUAGE_STANDARD = "gnu++0x";
                CLANG_CXX_LIBRARY = "libc++";
                CLANG_ENABLE_MODULES = YES;
                CLANG_ENABLE_OBJC_ARC = YES;
                CLANG_WARN_BOOL_CONVERSION = YES;
                CLANG_WARN_CONSTANT_CONVERSION = YES;
                CLANG_WARN_DIRECT_OBJC_ISA_USAGE = YES_ERROR;
                CLANG_WARN_EMPTY_BODY = YES;
                CLANG_WARN_ENUM_CONVERSION = YES;
                CLANG_WARN_INT_CONVERSION = YES;
                CLANG_WARN_OBJC_ROOT_CLASS = YES_ERROR;
                CLANG_WARN__DUPLICATE_METHOD_MATCH = YES;
                COPY_PHASE_STRIP = YES;
                ENABLE_NS_ASSERTIONS = NO;
                GCC_C_LANGUAGE_STANDARD = gnu99;
                GCC_WARN_64_TO_32_BIT_CONVERSION = YES;
                GCC_WARN_ABOUT_RETURN_TYPE = YES_ERROR;
                GCC_WARN_UNDECLARED_SELECTOR = YES;
                GCC_WARN_UNINITIALIZED_AUTOS = YES;
                GCC_WARN_UNUSED_FUNCTION = YES;
                GCC_WARN_UNUSED_VARIABLE = YES;
                IPHONEOS_DEPLOYMENT_TARGET = 7.0;
                SDKROOT = iphoneos;
                VALIDATE_PRODUCT = YES;
            };
            name = Release;
        };
        AACFCAFEC2801D4CB085E1E5 /* Debug */ = {
            isa = XCBuildConfiguration;
            buildSettings = {
                DEAD_CODE_STRIPPING = NO;
                DSTROOT = /tmp/DigitalNewzealandRR.dst;
                GCC_PRECOMPILE_PREFIX_HEADER = YES;
                GCC_PREFIX_HEADER = "DigitalNewzealandRR/DigitalNewzealandRR-Prefix.pch";
                OTHER_LDFLAGS = "";
                PRODUCT_NAME = "$(TARGET_NAME)";
				PUBLIC_HEADERS_FOLDER_PATH = "include/$(PROJECT_NAME)";
                SKIP_INSTALL = YES;
				STRIP_INSTALLED_PRODUCT = NO;
				STRIP_STYLE = "non-global";
            };
            name = Debug;
        };
        AAD535F9F9394144668D3E41 /* Release */ = {
            isa = XCBuildConfiguration;
            buildSettings = {
				COPY_PHASE_STRIP = NO;
				DEAD_CODE_STRIPPING = NO;
                DSTROOT = /tmp/DigitalNewzealandRR.dst;
                GCC_PRECOMPILE_PREFIX_HEADER = YES;
                GCC_PREFIX_HEADER = "DigitalNewzealandRR/DigitalNewzealandRR-Prefix.pch";
                OTHER_LDFLAGS = "";
                PRODUCT_NAME = "$(TARGET_NAME)";
				PUBLIC_HEADERS_FOLDER_PATH = "include/$(PROJECT_NAME)";
                SKIP_INSTALL = YES;
				STRIP_INSTALLED_PRODUCT = NO;
				STRIP_STYLE = "non-global";
            };
            name = Release;
        };
/* End XCBuildConfiguration section */

/* Begin XCConfigurationList section */
		AAF15963EF1C3B44DE874FF9 /* Build configuration list for PBXAggregateTarget "Framework" */ = {
			isa = XCConfigurationList;
			buildConfigurations = (
				AAE977DCC4B6FB4B85AF2EDE /* Debug */,
				AA74083319F68E46948A9402 /* Release */,
			);
			defaultConfigurationIsVisible = 0;
		};
        AA96FDDB66045B4290B69330 /* Build configuration list for PBXProject "DigitalNewzealandRR" */ = {
            isa = XCConfigurationList;
            buildConfigurations = (
                AA5E977971EDEF4C9489A4D9 /* Debug */,
                AA5796E77E21914CA087CE65 /* Release */,
            );
            defaultConfigurationIsVisible = 0;
            defaultConfigurationName = Release;
        };
        AACD2B2023099A4BF196DE73 /* Build configuration list for PBXNativeTarget "DigitalNewzealandRR" */ = {
            isa = XCConfigurationList;
            buildConfigurations = (
                AACFCAFEC2801D4CB085E1E5 /* Debug */,
                AAD535F9F9394144668D3E41 /* Release */,
            );
            defaultConfigurationIsVisible = 0;
            defaultConfigurationName = Release;
        };
/* End XCConfigurationList section */
    };
    rootObject = AAC6E8C328D32949B3B88911 /* Project object */;
}