// !$*UTF8*$!
{
    archiveVersion = 1;
    classes = {
    };
    objectVersion = 46;
    objects = {

/* Begin PBXAggregateTarget section */
		AA9E585294654A434F91AA94 /* Framework */ = {
			isa = PBXAggregateTarget;
			buildConfigurationList = AADD0626D4C19E44F98A6003 /* Build configuration list for PBXAggregateTarget "Framework" */;
			buildPhases = (
				AA40A469F8CD504B2A86F946 /* MultiBuild Framework */,
			);
			dependencies = (
				AA7CC191919C174F8A9BC77E /* PBXTargetDependency */,
			);
			name = Framework;
			productName = Framework;
		};
/* End PBXAggregateTarget section */

/* Begin PBXBuildFile section */
        AACBC9A0950E6F4850BDFEA6 /* Foundation.framework in Frameworks */ = {isa = PBXBuildFile; fileRef = AAF355F5EDF0F1458D801269 /* Foundation.framework */; };
        AA42EA1C870E814BE79499AD /* Foundation.framework in Frameworks */ = {isa = PBXBuildFile; fileRef = AAF355F5EDF0F1458D801269 /* Foundation.framework */; };
        AAF324A1F4CB274B8683DFBA /* UIKit.framework in Frameworks */ = {isa = PBXBuildFile; fileRef = AA697B73095CF646C9A1DCCB /* UIKit.framework */; };
        AAC90F065DB7FB41D5BB5B48 /* libDigitalNewzealand.a in Frameworks */ = {isa = PBXBuildFile; fileRef = AA7159D4B22D474FD083616D /* libDigitalNewzealand.a */; };
        AA7E8CD2B80440413C86AE13 /* APIHelper.m in Sources */ = {isa = PBXBuildFile; fileRef = AA5393BDB0B8B04F19A5F45C /* APIHelper.m */; };
        AAF17446F23F3940C897C581 /* APIError.m in Sources */ = {isa = PBXBuildFile; fileRef = AA05942152CDDF4B0FBFE6AD /* APIError.m */; };
        AA00BF138AD1664381A476EA /* Configuration.m in Sources */ = {isa = PBXBuildFile; fileRef = AAF3412BE87F604BDCB8E8B9 /* Configuration.m */; };
		AAB70C40F99DEA4B51B522AF /* SearchRecordInput.h in Headers */ = {isa = PBXBuildFile; fileRef = AA338A5758BD2D4DC293A4C1 /* SearchRecordInput.h */; settings = {ATTRIBUTES = (Public, ); }; };
		AAD23767111FCF455BAAFDD8 /* SearchRecordInput.m in Sources */ = {isa = PBXBuildFile; fileRef = AA8C78E2DCC1084A55B97C61 /* SearchRecordInput.m */; };
		AA735929D83CF04087A549D5 /* GetMetadataInput.h in Headers */ = {isa = PBXBuildFile; fileRef = AAA3F62F6553FF4BF991A36A /* GetMetadataInput.h */; settings = {ATTRIBUTES = (Public, ); }; };
		AAAE7C083996B04834BF11AA /* GetMetadataInput.m in Sources */ = {isa = PBXBuildFile; fileRef = AA0C2D6924376540649A39FB /* GetMetadataInput.m */; };
		AA6C0CC66449A1460C871427 /* ResultsCollection.h in Headers */ = {isa = PBXBuildFile; fileRef = AA72FA489415D54420AD0390 /* ResultsCollection.h */; settings = {ATTRIBUTES = (Public, ); }; };
		AAAF9BA1929FB84497A9048F /* ResultsCollection.m in Sources */ = {isa = PBXBuildFile; fileRef = AA803BC9AF8E5E4AC4A23BE5 /* ResultsCollection.m */; };
		AAF362A2B166674695AEC0D3 /* CollectionSearchRecords.h in Headers */ = {isa = PBXBuildFile; fileRef = AA59623620CFE04904AD7208 /* CollectionSearchRecords.h */; settings = {ATTRIBUTES = (Public, ); }; };
		AABA5E2302A4584334B8A0BC /* CollectionSearchRecords.m in Sources */ = {isa = PBXBuildFile; fileRef = AAA5B62D6E69144E8FA40042 /* CollectionSearchRecords.m */; };
		AA429BDEB4112A43DCA3D5A2 /* SearchRecordController.h in Headers */ = {isa = PBXBuildFile; fileRef = AAF92F9CBD8312465FAD51DC /* SearchRecordController.h */; settings = {ATTRIBUTES = (Public, ); }; };
		AAA31FF3FA77D6497393FE7A /* SearchRecordController.m in Sources */ = {isa = PBXBuildFile; fileRef = AADEEC1ABCCB4141B4B35542 /* SearchRecordController.m */; };
		AABA104575B50C467088A8DA /* MetadataController.h in Headers */ = {isa = PBXBuildFile; fileRef = AA158F029FFE994AA78E99A3 /* MetadataController.h */; settings = {ATTRIBUTES = (Public, ); }; };
		AAB2C1C749E10A4E6AB88914 /* MetadataController.m in Sources */ = {isa = PBXBuildFile; fileRef = AA0F3CE5FA669D4F36B8E82E /* MetadataController.m */; };
		AAE56AC74F30F84EB290298B /* Configuration.h in Headers */ = {isa = PBXBuildFile; fileRef = AAE37ED75A3B2D4A58845EDC /* Configuration.h */; settings = {ATTRIBUTES = (Public, ); }; };
		AA27418F806B3548B7A96231 /* APIError.h in Headers */ = {isa = PBXBuildFile; fileRef = AA41CF843DF1534A62B17CE9 /* APIError.h */; settings = {ATTRIBUTES = (Public, ); }; };
		AA9C38DA348E26468C9FA6D8 /* APIHelper.h in Headers */ = {isa = PBXBuildFile; fileRef = AAAE5091C5E9D043FCA5F5F6 /* APIHelper.h */; settings = {ATTRIBUTES = (Public, ); }; };
		AAF752A5E0AC8444BB9802E8 /* libPods.a in Frameworks */ = {isa = PBXBuildFile; fileRef = AAAEB1BC8E5DBF4AF6AE19C1 /* libPods.a */; };
		AA10551BC0A4D94EF5B180AE /* libJSONModel.a in Frameworks */ = {isa = PBXBuildFile; fileRef = AA9F6BE06C054549C4A9B32C /* libJSONModel.a */; };		
		AA5BF9610E642D43008160E3 /* libUnirest.a in Frameworks */ = {isa = PBXBuildFile; fileRef = AAB31BF0339CA949A3B62218 /* libUnirest.a */; };
		AA72E4C589F59D4FBBAC6798 /* IHttpClient.h in Headers */ = {isa = PBXBuildFile; fileRef = AACCA634F80F1F46979F7CD1 /* IHttpClient.h */; settings = {ATTRIBUTES = (Public, ); }; };
		AA2758BAD3BB9A4D01AE2592 /* HttpContext.h in Headers */ = {isa = PBXBuildFile; fileRef = AA7241CCC03BFC45A9B87D6C /* HttpContext.h */; settings = {ATTRIBUTES = (Public, ); }; };
		AAA3A0DF9A0B994E98BD2081 /* HttpContext.m in Sources */ = {isa = PBXBuildFile; fileRef = AA0442614052CF48DDA44C60 /* HttpContext.m */; };

		AA3C797A75C9294C2B8B567B /* UnirestClient.h in Headers */ = {isa = PBXBuildFile; fileRef = AADF0E174D351D4A64AC8BDF /* UnirestClient.h */; settings = {ATTRIBUTES = (Public, ); }; };
		AA51248FA5F8B342EB927E56 /* UnirestClient.m in Sources */ = {isa = PBXBuildFile; fileRef = AA421DEC3A39284F76B29A87 /* UnirestClient.m */; };
		AAD748AF3A467F46D084496D /* HttpBodyRequest.h in Headers */ = {isa = PBXBuildFile; fileRef = AABE91165FC3EC49BA856CA8 /* HttpBodyRequest.h */; settings = {ATTRIBUTES = (Public, ); }; };
		AA20B497B9CF6D478792AF0C /* HttpBodyRequest.m in Sources */ = {isa = PBXBuildFile; fileRef = AA6D9BA6FB9D724D6D8A7281 /* HttpBodyRequest.m */; };
		AAD21E7452C53C450D8DE85B /* HttpMethod.h in Headers */ = {isa = PBXBuildFile; fileRef = AA6AD6170DB8744BFFA19594 /* HttpMethod.h */; settings = {ATTRIBUTES = (Public, ); }; };
		AA9287246A36974E8D9E3D5A /* HttpRequest.h in Headers */ = {isa = PBXBuildFile; fileRef = AA4BABCC919EC24E86807BA4 /* HttpRequest.h */; settings = {ATTRIBUTES = (Public, ); }; };
		AA9E0021BE952C408DA06E3C /* HttpRequest.m in Sources */ = {isa = PBXBuildFile; fileRef = AA42105F4366674D3B906C04 /* HttpRequest.m */; };
		AA967F843966CB4872812D43 /* HttpResponse.h in Headers */ = {isa = PBXBuildFile; fileRef = AA0B45F019CE6D4A3088F8C4 /* HttpResponse.h */; settings = {ATTRIBUTES = (Public, ); }; };
		AA5BC0D399727A41B682F470 /* HttpResponse.m in Sources */ = {isa = PBXBuildFile; fileRef = AA3CC52D7241274F06811936 /* HttpResponse.m */; };
		AAAF0A29E11B05454F8E6C30 /* HttpStringResponse.h in Headers */ = {isa = PBXBuildFile; fileRef = AAA0012678F489479CA08B6F /* HttpStringResponse.h */; settings = {ATTRIBUTES = (Public, ); }; };
		AA855C226397404AF79AEC23 /* HttpStringResponse.m in Sources */ = {isa = PBXBuildFile; fileRef = AAEB1284D48CE7401098A7D7 /* HttpStringResponse.m */; };
		AAF7779624193C4855B550D7 /* BaseController.h in Headers */ = {isa = PBXBuildFile; fileRef = AADB0BD8DDE103429695CA60 /* BaseController.h */; settings = {ATTRIBUTES = (Public, ); }; };
		AA37C719B7F6C54E048F8CB3 /* BaseController.m in Sources */ = {isa = PBXBuildFile; fileRef = AA0D622EE0BB264FD59FDA34 /* BaseController.m */; };
/* End PBXBuildFile section */

/* Begin PBXContainerItemProxy section */
		AA633B7E3DDB0F49A4998BCC /* PBXContainerItemProxy */ = {
			isa = PBXContainerItemProxy;
			containerPortal = AAFB726D7A83344411840061 /* Project object */;
			proxyType = 1;
			remoteGlobalIDString = AAAE7B73AAB30A4C3F8C7D5A;
			remoteInfo = DigitalNewzealand;
		};
        AA633B7E3DDB0F49A4998BCC /* PBXContainerItemProxy */ = {
            isa = PBXContainerItemProxy;
            containerPortal = AAA29E9F8E078D4547B97FF4 /* Project object */;
            proxyType = 1;
            remoteGlobalIDString = AAAE7B73AAB30A4C3F8C7D5A;
            remoteInfo = DigitalNewzealand;
        };
/* End PBXContainerItemProxy section */

/* Begin PBXCopyFilesBuildPhase section */
        AA22BBC0642D3C4A40AFAB7D /* CopyFiles */ = {
            isa = PBXCopyFilesBuildPhase;
            buildActionMask = 2147483647;
            dstPath = "include/$(PRODUCT_NAME)";
            dstSubfolderSpec = 16;
            files = (
            );
            runOnlyForDeploymentPostprocessing = 0;
        };
/* End PBXCopyFilesBuildPhase section */

/* Begin PBXFileReference section */
        AA7159D4B22D474FD083616D /* libDigitalNewzealand.a */ = {isa = PBXFileReference; explicitFileType = archive.ar; includeInIndex = 0; path = libDigitalNewzealand.a; sourceTree = BUILT_PRODUCTS_DIR; };
        AAF355F5EDF0F1458D801269 /* Foundation.framework */ = {isa = PBXFileReference; lastKnownFileType = wrapper.framework; name = Foundation.framework; path = System/Library/Frameworks/Foundation.framework; sourceTree = SDKROOT; };
        AAAED8C291563A412B9CB948 /* DigitalNewzealand-Prefix.pch */ = {isa = PBXFileReference; lastKnownFileType = sourcecode.c.h; path = "DigitalNewzealand-Prefix.pch"; sourceTree = "<group>"; };
        AA697B73095CF646C9A1DCCB /* UIKit.framework */ = {isa = PBXFileReference; lastKnownFileType = wrapper.framework; name = UIKit.framework; path = Library/Frameworks/UIKit.framework; sourceTree = DEVELOPER_DIR; };
        AA5393BDB0B8B04F19A5F45C /* APIHelper.m */ = {isa = PBXFileReference; fileEncoding = 4; lastKnownFileType = sourcecode.c.objc; path = APIHelper.m; sourceTree = "<group>"; };
        AAAE5091C5E9D043FCA5F5F6 /* APIHelper.h */ = {isa = PBXFileReference; fileEncoding = 4; lastKnownFileType = sourcecode.c.h; path = APIHelper.h; sourceTree = "<group>"; };		
        AA05942152CDDF4B0FBFE6AD /* APIError.m */ = {isa = PBXFileReference; fileEncoding = 4; lastKnownFileType = sourcecode.c.objc; path = APIError.m; sourceTree = "<group>"; };
        AA41CF843DF1534A62B17CE9 /* APIError.h */ = {isa = PBXFileReference; fileEncoding = 4; lastKnownFileType = sourcecode.c.h; path = APIError.h; sourceTree = "<group>"; };
        AAF3412BE87F604BDCB8E8B9 /* Configuration.m */ = {isa = PBXFileReference; fileEncoding = 4; lastKnownFileType = sourcecode.c.objc; path = Configuration.m; sourceTree = "<group>"; };
        AAE37ED75A3B2D4A58845EDC /* Configuration.h */ = {isa = PBXFileReference; fileEncoding = 4; lastKnownFileType = sourcecode.c.h; path = Configuration.h; sourceTree = "<group>"; };
		AA338A5758BD2D4DC293A4C1 /* SearchRecordInput.h */ = {isa = PBXFileReference; fileEncoding = 4; lastKnownFileType = sourcecode.c.h; name = SearchRecordInput.h; path = Models/SearchRecordInput.h; sourceTree = "<group>"; };
		AA8C78E2DCC1084A55B97C61 /* SearchRecordInput.m */ = {isa = PBXFileReference; fileEncoding = 4; lastKnownFileType = sourcecode.c.objc; name = SearchRecordInput.m; path = Models/SearchRecordInput.m; sourceTree = "<group>"; };
		AAA3F62F6553FF4BF991A36A /* GetMetadataInput.h */ = {isa = PBXFileReference; fileEncoding = 4; lastKnownFileType = sourcecode.c.h; name = GetMetadataInput.h; path = Models/GetMetadataInput.h; sourceTree = "<group>"; };
		AA0C2D6924376540649A39FB /* GetMetadataInput.m */ = {isa = PBXFileReference; fileEncoding = 4; lastKnownFileType = sourcecode.c.objc; name = GetMetadataInput.m; path = Models/GetMetadataInput.m; sourceTree = "<group>"; };
		AA72FA489415D54420AD0390 /* ResultsCollection.h */ = {isa = PBXFileReference; fileEncoding = 4; lastKnownFileType = sourcecode.c.h; name = ResultsCollection.h; path = Models/ResultsCollection.h; sourceTree = "<group>"; };
		AA803BC9AF8E5E4AC4A23BE5 /* ResultsCollection.m */ = {isa = PBXFileReference; fileEncoding = 4; lastKnownFileType = sourcecode.c.objc; name = ResultsCollection.m; path = Models/ResultsCollection.m; sourceTree = "<group>"; };
		AA59623620CFE04904AD7208 /* CollectionSearchRecords.h */ = {isa = PBXFileReference; fileEncoding = 4; lastKnownFileType = sourcecode.c.h; name = CollectionSearchRecords.h; path = Models/CollectionSearchRecords.h; sourceTree = "<group>"; };
		AAA5B62D6E69144E8FA40042 /* CollectionSearchRecords.m */ = {isa = PBXFileReference; fileEncoding = 4; lastKnownFileType = sourcecode.c.objc; name = CollectionSearchRecords.m; path = Models/CollectionSearchRecords.m; sourceTree = "<group>"; };
		AAF92F9CBD8312465FAD51DC /* SearchRecordController.h */ = {isa = PBXFileReference; fileEncoding = 4; lastKnownFileType = sourcecode.c.h; name = SearchRecordController.h; path = Controllers/SearchRecordController.h; sourceTree = "<group>"; };
		AADEEC1ABCCB4141B4B35542 /* SearchRecordController.m */ = {isa = PBXFileReference; fileEncoding = 4; lastKnownFileType = sourcecode.c.objc; name = SearchRecordController.m; path = Controllers/SearchRecordController.m; sourceTree = "<group>"; };
		AA158F029FFE994AA78E99A3 /* MetadataController.h */ = {isa = PBXFileReference; fileEncoding = 4; lastKnownFileType = sourcecode.c.h; name = MetadataController.h; path = Controllers/MetadataController.h; sourceTree = "<group>"; };
		AA0F3CE5FA669D4F36B8E82E /* MetadataController.m */ = {isa = PBXFileReference; fileEncoding = 4; lastKnownFileType = sourcecode.c.objc; name = MetadataController.m; path = Controllers/MetadataController.m; sourceTree = "<group>"; };
		AAAEB1BC8E5DBF4AF6AE19C1 /* libPods.a */ = {isa = PBXFileReference; explicitFileType = archive.ar; includeInIndex = 0; path = libPods.a; sourceTree = BUILT_PRODUCTS_DIR; };
		AA9F6BE06C054549C4A9B32C /* libJSONModel.a */ = {isa = PBXFileReference; lastKnownFileType = file; name = "libJSONModel.a"; path = "libJSONModel.a"; sourceTree = "<group>"; };
		AAB31BF0339CA949A3B62218 /* libUnirest.a */ = {isa = PBXFileReference; lastKnownFileType = file; name = "libUnirest.a"; path = "libUnirest.a"; sourceTree = "<group>"; };
        AACCA634F80F1F46979F7CD1 /* IHttpClient.h */ = {isa = PBXFileReference; fileEncoding = 4; lastKnownFileType = sourcecode.c.h; name = IHttpClient.h; path = Http/Client/IHttpClient.h; sourceTree = "<group>"; };
		AADF0E174D351D4A64AC8BDF /* UnirestClient.h */ = {isa = PBXFileReference; fileEncoding = 4; lastKnownFileType = sourcecode.c.h; name = UnirestClient.h; path = Http/Client/UnirestClient.h; sourceTree = "<group>"; };
		AA421DEC3A39284F76B29A87 /* UnirestClient.m */ = {isa = PBXFileReference; fileEncoding = 4; lastKnownFileType = sourcecode.c.objc; name = UnirestClient.m; path = Http/Client/UnirestClient.m; sourceTree = "<group>"; };
		AA7241CCC03BFC45A9B87D6C /* HttpContext.h */ = {isa = PBXFileReference; fileEncoding = 4; lastKnownFileType = sourcecode.c.h; name = HttpContext.h; path = Http/Client/HttpContext.h; sourceTree = "<group>"; };
		AA0442614052CF48DDA44C60 /* HttpContext.m */ = {isa = PBXFileReference; fileEncoding = 4; lastKnownFileType = sourcecode.c.objc;name = HttpContext.m;  path = Http/Client/HttpContext.m; sourceTree = "<group>"; };

		AABE91165FC3EC49BA856CA8 /* HttpBodyRequest.h */ = {isa = PBXFileReference; fileEncoding = 4; lastKnownFileType = sourcecode.c.h; name = HttpBodyRequest.h; path = Http/Request/HttpBodyRequest.h; sourceTree = "<group>"; };
		AA6D9BA6FB9D724D6D8A7281 /* HttpBodyRequest.m */ = {isa = PBXFileReference; fileEncoding = 4; lastKnownFileType = sourcecode.c.objc; name = HttpBodyRequest.m; path = Http/Request/HttpBodyRequest.m; sourceTree = "<group>"; };
		AA6AD6170DB8744BFFA19594 /* HttpMethod.h */ = {isa = PBXFileReference; fileEncoding = 4; lastKnownFileType = sourcecode.c.h; name = HttpMethod.h; path = Http/Request/HttpMethod.h; sourceTree = "<group>"; };
		AA4BABCC919EC24E86807BA4 /* HttpRequest.h */ = {isa = PBXFileReference; fileEncoding = 4; lastKnownFileType = sourcecode.c.h; name = HttpRequest.h; path = Http/Request/HttpRequest.h; sourceTree = "<group>"; };
		AA42105F4366674D3B906C04 /* HttpRequest.m */ = {isa = PBXFileReference; fileEncoding = 4; lastKnownFileType = sourcecode.c.objc; name = HttpRequest.m; path = Http/Request/HttpRequest.m; sourceTree = "<group>"; };
		AA0B45F019CE6D4A3088F8C4 /* HttpResponse.h */ = {isa = PBXFileReference; fileEncoding = 4; lastKnownFileType = sourcecode.c.h; name = HttpResponse.h; path = Http/Response/HttpResponse.h; sourceTree = "<group>"; };
		AA3CC52D7241274F06811936 /* HttpResponse.m */ = {isa = PBXFileReference; fileEncoding = 4; lastKnownFileType = sourcecode.c.objc; name = HttpResponse.m; path = Http/Response/HttpResponse.m; sourceTree = "<group>"; };
		AAA0012678F489479CA08B6F /* HttpStringResponse.h */ = {isa = PBXFileReference; fileEncoding = 4; lastKnownFileType = sourcecode.c.h; name = HttpStringResponse.h; path = Http/Response/HttpStringResponse.h; sourceTree = "<group>"; };
		AAEB1284D48CE7401098A7D7 /* HttpStringResponse.m */ = {isa = PBXFileReference; fileEncoding = 4; lastKnownFileType = sourcecode.c.objc; name = HttpStringResponse.m; path = Http/Response/HttpStringResponse.m; sourceTree = "<group>"; };
		AADB0BD8DDE103429695CA60 /* BaseController.h */ = {isa = PBXFileReference; fileEncoding = 4; lastKnownFileType = sourcecode.c.h; name = BaseController.h; path = Controllers/BaseController.h; sourceTree = "<group>"; };
		AA0D622EE0BB264FD59FDA34 /* BaseController.m */ = {isa = PBXFileReference; fileEncoding = 4; lastKnownFileType = sourcecode.c.objc; name = BaseController.m; path = Controllers/BaseController.m; sourceTree = "<group>"; };
/* End PBXFileReference section */

/* Begin PBXFrameworksBuildPhase section */
        AA8FD4C9CCE24141D4A08969 /* Frameworks */ = {
            isa = PBXFrameworksBuildPhase;
            buildActionMask = 2147483647;
            files = (
                AACBC9A0950E6F4850BDFEA6 /* Foundation.framework in Frameworks */,
				AA5BF9610E642D43008160E3 /* libUnirest.a in Frameworks */,				
				AA10551BC0A4D94EF5B180AE /* libJSONModel.a in Frameworks */,				
				AAF752A5E0AC8444BB9802E8 /* libPods.a in Frameworks */,
            );
            runOnlyForDeploymentPostprocessing = 0;
        };
        AA2DB42A605DBF4D128C309C /* Frameworks */ = {
            isa = PBXFrameworksBuildPhase;
            buildActionMask = 2147483647;
            files = (
                AAF324A1F4CB274B8683DFBA /* UIKit.framework in Frameworks */,
                AAC90F065DB7FB41D5BB5B48 /* libDigitalNewzealand.a in Frameworks */,
                AA42EA1C870E814BE79499AD /* Foundation.framework in Frameworks */,
            );
            runOnlyForDeploymentPostprocessing = 0;
        };
/* End PBXFrameworksBuildPhase section */

/* Begin PBXGroup section */
        AA3ED42332833D42D5A9A30C = {
            isa = PBXGroup;
            children = (
                AAE1DFAF488FF744C8A6AFC3 /* DigitalNewzealand */,
                AA6377DDA5633F46E997F2E1 /* Frameworks */,
                AA36BB5A644BFC442198D591 /* Products */,
            );
            sourceTree = "<group>";
        };
        AA36BB5A644BFC442198D591 /* Products */ = {
            isa = PBXGroup;
            children = (
                AA7159D4B22D474FD083616D /* libDigitalNewzealand.a */,
            );
            name = Products;
            sourceTree = "<group>";
        };
        AA6377DDA5633F46E997F2E1 /* Frameworks */ = {
            isa = PBXGroup;
            children = (
				AAB31BF0339CA949A3B62218 /* libUnirest.a */,
				AA9F6BE06C054549C4A9B32C /* libJSONModel.a */,
				AAAEB1BC8E5DBF4AF6AE19C1 /* libPods.a */,
                AAF355F5EDF0F1458D801269 /* Foundation.framework */,
                AA697B73095CF646C9A1DCCB /* UIKit.framework */,
            );
            name = Frameworks;
            sourceTree = "<group>";
        };
        AAE1DFAF488FF744C8A6AFC3 /* DigitalNewzealand */ = {
            isa = PBXGroup;
            children = (
                AA72FDA29BD79B4C53B9F123 /* Models */,
                AA793A17F8E75748C19395C2 /* Http */,
                AA1A55D23FDDA04DCA8CFC86 /* Controllers */,
                AA4B7705EDE00E4B43B983B7 /* Supporting Files */,
                AA5393BDB0B8B04F19A5F45C /* APIHelper.m */,
                AAAE5091C5E9D043FCA5F5F6 /* APIHelper.h */,
                AA05942152CDDF4B0FBFE6AD /* APIError.m */,
                AA41CF843DF1534A62B17CE9 /* APIError.h */,
                AAF3412BE87F604BDCB8E8B9 /* Configuration.m */,
                AAE37ED75A3B2D4A58845EDC /* Configuration.h */,
            );
            path = DigitalNewzealand;
            sourceTree = "<group>";
        };
        AA4B7705EDE00E4B43B983B7 /* Supporting Files */ = {
            isa = PBXGroup;
            children = (
                AAAED8C291563A412B9CB948 /* DigitalNewzealand-Prefix.pch */,
            );
            name = "Supporting Files";
            sourceTree = "<group>";
        };
        AA1A55D23FDDA04DCA8CFC86 /* Controllers */ = {
            isa = PBXGroup;
            children = (
				AADB0BD8DDE103429695CA60 /* BaseController.h */,
				AA0D622EE0BB264FD59FDA34 /* BaseController.m */,
				AAF92F9CBD8312465FAD51DC /* SearchRecordController.h */,
				AADEEC1ABCCB4141B4B35542 /* SearchRecordController.m */,
				AA158F029FFE994AA78E99A3 /* MetadataController.h */,
				AA0F3CE5FA669D4F36B8E82E /* MetadataController.m */,
            );
            name = Controllers;
            sourceTree = "<group>";
        };
		AA1BF00951E2064A289690B3 /* Client */ = {
			isa = PBXGroup;
			children = (
				AACCA634F80F1F46979F7CD1 /* IHttpClient.h */,
				AADF0E174D351D4A64AC8BDF /* UnirestClient.h */,
				AA421DEC3A39284F76B29A87 /* UnirestClient.m */,
				AA7241CCC03BFC45A9B87D6C /* HttpContext.h */,
				AA0442614052CF48DDA44C60 /* HttpContext.m */,
			);
			name = Client;
			sourceTree = "<group>";
		};
		AA793A17F8E75748C19395C2 /* Http */ = {
			isa = PBXGroup;
			children = (
				AAFD4BC367DD634B848E93AB /* Request */,
				AA1BF00951E2064A289690B3 /* Client */,
				AA0296387BA225455E98414D /* Response */,
			);
			name = Http;
			sourceTree = "<group>";
		};
		AAFD4BC367DD634B848E93AB /* Request */ = {
			isa = PBXGroup;
			children = (
				AABE91165FC3EC49BA856CA8 /* HttpBodyRequest.h */,
				AA6D9BA6FB9D724D6D8A7281 /* HttpBodyRequest.m */,
				AA6AD6170DB8744BFFA19594 /* HttpMethod.h */,
				AA4BABCC919EC24E86807BA4 /* HttpRequest.h */,
				AA42105F4366674D3B906C04 /* HttpRequest.m */,
			);
			name = Request;
			sourceTree = "<group>";
		};
		AA0296387BA225455E98414D /* Response */ = {
			isa = PBXGroup;
			children = (
				AA0B45F019CE6D4A3088F8C4 /* HttpResponse.h */,
				AA3CC52D7241274F06811936 /* HttpResponse.m */,
				AAA0012678F489479CA08B6F /* HttpStringResponse.h */,
				AAEB1284D48CE7401098A7D7 /* HttpStringResponse.m */,
			);
			name = Response;
			sourceTree = "<group>";
		};
        AA72FDA29BD79B4C53B9F123 /* Models */ = {
            isa = PBXGroup;
            children = (
				AA338A5758BD2D4DC293A4C1 /* SearchRecordInput.h */,
				AA8C78E2DCC1084A55B97C61 /* SearchRecordInput.m */,
				AAA3F62F6553FF4BF991A36A /* GetMetadataInput.h */,
				AA0C2D6924376540649A39FB /* GetMetadataInput.m */,
				AA72FA489415D54420AD0390 /* ResultsCollection.h */,
				AA803BC9AF8E5E4AC4A23BE5 /* ResultsCollection.m */,
				AA59623620CFE04904AD7208 /* CollectionSearchRecords.h */,
				AAA5B62D6E69144E8FA40042 /* CollectionSearchRecords.m */,
            );
            name = Models;
            sourceTree = "<group>";
        };
/* End PBXGroup section */

/* Begin PBXHeadersBuildPhase section */
		AAD384E52BBD284626A5A874 /* Headers */ = {
			isa = PBXHeadersBuildPhase;
			buildActionMask = 2147483647;
			files = (
		AAB70C40F99DEA4B51B522AF /* SearchRecordInput.h in Headers */,
		AA735929D83CF04087A549D5 /* GetMetadataInput.h in Headers */,
		AA6C0CC66449A1460C871427 /* ResultsCollection.h in Headers */,
		AAF362A2B166674695AEC0D3 /* CollectionSearchRecords.h in Headers */,
		AA429BDEB4112A43DCA3D5A2 /* SearchRecordController.h in Headers */,
		AABA104575B50C467088A8DA /* MetadataController.h in Headers */,
		AA9C38DA348E26468C9FA6D8 /* APIHelper.h in Headers */,
		AAE56AC74F30F84EB290298B /* Configuration.h in Headers */,
		AA27418F806B3548B7A96231 /* APIError.h in Headers */,
		AAD748AF3A467F46D084496D /* HttpBodyRequest.h in Headers */,
		AA9287246A36974E8D9E3D5A /* HttpRequest.h in Headers */,
		AA72E4C589F59D4FBBAC6798 /* IHttpClient.h in Headers */,
		AA2758BAD3BB9A4D01AE2592 /* HttpContext.h in Headers */,

		AAF7779624193C4855B550D7 /* BaseController.h in Headers */,
		AA967F843966CB4872812D43 /* HttpResponse.h in Headers */,
		AA3C797A75C9294C2B8B567B /* UnirestClient.h in Headers */,
		AAAF0A29E11B05454F8E6C30 /* HttpStringResponse.h in Headers */,
		AAD21E7452C53C450D8DE85B /* HttpMethod.h in Headers */,
			);
			runOnlyForDeploymentPostprocessing = 0;
		};
/* End PBXHeadersBuildPhase section */

/* Begin PBXNativeTarget section */
        AAAE7B73AAB30A4C3F8C7D5A /* DigitalNewzealand */ = {
            isa = PBXNativeTarget;
            buildConfigurationList = AA87E56BE617CF473CBFCEC8 /* Build configuration list for PBXNativeTarget "DigitalNewzealand" */;
            buildPhases = (
                AAA5D451DC8B8648238A3EED /* Sources */,
                AA8FD4C9CCE24141D4A08969 /* Frameworks */,
                AA22BBC0642D3C4A40AFAB7D /* CopyFiles */,
				AAD384E52BBD284626A5A874 /* Headers */,
				AAB2D1DA50E3F64DBB92369D /* Build Framework */,
            );
            buildRules = (
            );
            dependencies = (
            );
            name = DigitalNewzealand;
            productName = DigitalNewzealand;
            productReference = AA7159D4B22D474FD083616D /* libDigitalNewzealand.a */;
            productType = "com.apple.product-type.library.static";
        };		
/* End PBXNativeTarget section */

/* Begin PBXProject section */
        AAA29E9F8E078D4547B97FF4 /* Project object */ = {
            isa = PBXProject;
            attributes = {
                LastUpgradeCheck = 0500;
                ORGANIZATIONNAME = APIMatic;
            };
            buildConfigurationList = AA043128795E504CCD81AC37 /* Build configuration list for PBXProject "DigitalNewzealand" */;
            compatibilityVersion = "Xcode 3.2";
            developmentRegion = English;
            hasScannedForEncodings = 0;
            knownRegions = (
                en,
            );
            mainGroup = AA3ED42332833D42D5A9A30C;
            productRefGroup = AA36BB5A644BFC442198D591 /* Products */;
            projectDirPath = "";
            projectRoot = "";
            targets = (
                AAAE7B73AAB30A4C3F8C7D5A /* DigitalNewzealand */,
				AA9E585294654A434F91AA94 /* Framework */,
            );
        };
/* End PBXProject section */

/* Begin PBXShellScriptBuildPhase section */
		AAB2D1DA50E3F64DBB92369D /* Build Framework */ = {
			isa = PBXShellScriptBuildPhase;
			buildActionMask = 2147483647;
			files = (
			);
			inputPaths = (
			);
			name = "Build Framework";
			outputPaths = (
			);
			runOnlyForDeploymentPostprocessing = 0;
			shellPath = /bin/sh;
			shellScript = "#Credit: http://www.raywenderlich.com/65964/create-a-framework-for-ios\nset -e\n\nexport FRAMEWORK_LOCN=\"${BUILT_PRODUCTS_DIR}/${PRODUCT_NAME}.framework\"\n\n# Create the path to the real Headers die\nmkdir -p \"${FRAMEWORK_LOCN}/Versions/A/Headers\"\n\n# Create the required symlinks\n/bin/ln -sfh A \"${FRAMEWORK_LOCN}/Versions/Current\"\n/bin/ln -sfh Versions/Current/Headers \"${FRAMEWORK_LOCN}/Headers\"\n/bin/ln -sfh \"Versions/Current/${PRODUCT_NAME}\" \\\n\"${FRAMEWORK_LOCN}/${PRODUCT_NAME}\"\n\n# Copy the public headers into the framework\n/bin/cp -f -r \"${PODS_ROOT}/Headers/Public/JSONModel/\" \\\n\"${FRAMEWORK_LOCN}/Versions/A/Headers\"\n\n# Copy the public headers into the framework\n/bin/cp -f -r \"${PODS_ROOT}/Headers/Public/Unirest/\" \\\n\"${FRAMEWORK_LOCN}/Versions/A/Headers\"\n\n# Copy the public headers into the framework\n/bin/cp -f -r \"${TARGET_BUILD_DIR}/${PUBLIC_HEADERS_FOLDER_PATH}/\" \\\n\"${FRAMEWORK_LOCN}/Versions/A/Headers\"";
		};
		AA40A469F8CD504B2A86F946 /* MultiBuild Framework */ = {
			isa = PBXShellScriptBuildPhase;
			buildActionMask = 2147483647;
			files = (
			);
			inputPaths = (
			);
			name = "MultiBuild Framework";
			outputPaths = (
			);
			runOnlyForDeploymentPostprocessing = 0;
			shellPath = /bin/sh;
			shellScript = "#Credit: http://www.raywenderlich.com/65964/create-a-framework-for-ios\nset -e\n\n# If we're already inside this script then die\nif [ -n \"$RW_MULTIPLATFORM_BUILD_IN_PROGRESS\" ]; then\nexit 0\nfi\n\nexport RW_MULTIPLATFORM_BUILD_IN_PROGRESS=1\n\nRW_FRAMEWORK_NAME=${PROJECT_NAME}\nRW_INPUT_STATIC_LIB=\"lib${PROJECT_NAME}.a\"\nRW_FRAMEWORK_LOCATION=\"${BUILT_PRODUCTS_DIR}/${RW_FRAMEWORK_NAME}.framework\"\n\nfunction build_static_library {\n    # Will rebuild the static library as specified\n    #     build_static_library sdk\n     \n     xcrun xcodebuild \\\n    -workspace \"${PROJECT_DIR}/${PROJECT_NAME}.xcworkspace\" \\\n    -scheme \"${TARGET_NAME}\" \\\n    -configuration \"${CONFIGURATION}\" \\\n    -sdk \"${1}\" \\\n    ONLY_ACTIVE_ARCH=NO \\\n    BUILD_DIR=\"${BUILD_DIR}\" \\\n    OBJROOT=\"${OBJROOT}\" \\\n    BUILD_ROOT=\"${BUILD_ROOT}\" \\\n    SYMROOT=\"${SYMROOT}\" $ACTION\n}\n\nfunction make_fat_library {\n    # Will smash 2 static libs together\n    #     make_fat_library in1 in2 out\n    xcrun lipo -create \"${1}\" \"${2}\" -output \"${3}\"\n}\n\n# 1 - Extract the platform (iphoneos/iphonesimulator) from the SDK name\nif [[ \"$SDK_NAME\" =~ ([A-Za-z]+) ]]; then\nRW_SDK_PLATFORM=${BASH_REMATCH[1]}\nelse\necho \"Could not find platform name from SDK_NAME: $SDK_NAME\"\nexit 1\nfi\n\n# 2 - Extract the version from the SDK\nif [[ \"$SDK_NAME\" =~ ([0-9]+.*$) ]]; then\nRW_SDK_VERSION=${BASH_REMATCH[1]}\nelse\necho \"Could not find sdk version from SDK_NAME: $SDK_NAME\"\nexit 1\nfi\n\n# 3 - Determine the other platform\nif [ \"$RW_SDK_PLATFORM\" == \"iphoneos\" ]; then\nRW_OTHER_PLATFORM=iphonesimulator\nelse\nRW_OTHER_PLATFORM=iphoneos\nfi\n\n# 4 - Find the build directory\nif [[ \"$BUILT_PRODUCTS_DIR\" =~ (.*)$RW_SDK_PLATFORM$ ]]; then\nRW_OTHER_BUILT_PRODUCTS_DIR=\"${BASH_REMATCH[1]}${RW_OTHER_PLATFORM}\"\nelse\necho \"Could not find other platform build directory.\"\nexit 1\nfi\n\n# Build the other platform.\nbuild_static_library \"${RW_OTHER_PLATFORM}${RW_SDK_VERSION}\"\n\n# If we're currently building for iphonesimulator, then need to rebuild\n#   to ensure that we get both i386 and x86_64\nif [ \"$RW_SDK_PLATFORM\" == \"iphonesimulator\" ]; then\nbuild_static_library \"${SDK_NAME}\"\nfi\n\n# Join the 2 static libs into 1 and push into the .framework\nmake_fat_library \"${BUILT_PRODUCTS_DIR}/${RW_INPUT_STATIC_LIB}\" \\\n\"${RW_OTHER_BUILT_PRODUCTS_DIR}/${RW_INPUT_STATIC_LIB}\" \\\n\"${RW_FRAMEWORK_LOCATION}/Versions/A/${RW_FRAMEWORK_NAME}\"\n\n# Ensure that the framework is present in both platform's build directories\ncp -a \"${RW_FRAMEWORK_LOCATION}/Versions/A/${RW_FRAMEWORK_NAME}\" \\\n\"${RW_OTHER_BUILT_PRODUCTS_DIR}/${RW_FRAMEWORK_NAME}.framework/Versions/A/${RW_FRAMEWORK_NAME}\"\n\n# Copy the framework to the user's desktop\nditto \"${RW_FRAMEWORK_LOCATION}\" \"${HOME}/Desktop/${RW_FRAMEWORK_NAME}.framework\"";
		};
/* End PBXShellScriptBuildPhase section */

/* Begin PBXSourcesBuildPhase section */
        AAA5D451DC8B8648238A3EED /* Sources */ = {
            isa = PBXSourcesBuildPhase;
            buildActionMask = 2147483647;
            files = (
                AA7E8CD2B80440413C86AE13 /* APIHelper.m in Sources */,
                AAF17446F23F3940C897C581 /* APIError.m in Sources */,
                AA00BF138AD1664381A476EA /* Configuration.m in Sources */,
				AAD23767111FCF455BAAFDD8 /* SearchRecordInput.m in Sources */,
				AAAE7C083996B04834BF11AA /* GetMetadataInput.m in Sources */,
				AAAF9BA1929FB84497A9048F /* ResultsCollection.m in Sources */,
				AABA5E2302A4584334B8A0BC /* CollectionSearchRecords.m in Sources */,
				AAA31FF3FA77D6497393FE7A /* SearchRecordController.m in Sources */,
				AAB2C1C749E10A4E6AB88914 /* MetadataController.m in Sources */,
				 AA20B497B9CF6D478792AF0C /* HttpBodyRequest.m in Sources */,
				 AA37C719B7F6C54E048F8CB3 /* BaseController.m in Sources */,
				 AA51248FA5F8B342EB927E56 /* UnirestClient.m in Sources */,
				 AAA3A0DF9A0B994E98BD2081 /* UnirestClient.m in Sources */,
				 AA5BC0D399727A41B682F470 /* HttpResponse.m in Sources */,
				 AA855C226397404AF79AEC23 /* HttpStringResponse.m in Sources */,
				 AA9E0021BE952C408DA06E3C /* HttpRequest.m in Sources */,
            );
            runOnlyForDeploymentPostprocessing = 0;
        };
/* End PBXSourcesBuildPhase section */

/* Begin PBXTargetDependency section */
		AA7CC191919C174F8A9BC77E /* PBXTargetDependency */ = {
			isa = PBXTargetDependency;
			target = AAAE7B73AAB30A4C3F8C7D5A /* DigitalNewzealand */;
			targetProxy = AA633B7E3DDB0F49A4998BCC /* PBXContainerItemProxy */;
		};
        AAA48AD5A0EE9C43508D33B3 /* PBXTargetDependency */ = {
            isa = PBXTargetDependency;
            target = AAAE7B73AAB30A4C3F8C7D5A /* DigitalNewzealand */;
            targetProxy = AA633B7E3DDB0F49A4998BCC /* PBXContainerItemProxy */;
        };
/* End PBXTargetDependency section */

/* Begin XCBuildConfiguration section */
		AA3CB7EC6425E543CE8CE694 /* Debug */ = {
			isa = XCBuildConfiguration;
			buildSettings = {
				PRODUCT_NAME = "$(TARGET_NAME)";
			};
			name = Debug;
		};
		AAFDE162F12C284003BACC13 /* Release */ = {
			isa = XCBuildConfiguration;
			buildSettings = {
				PRODUCT_NAME = "$(TARGET_NAME)";
			};
			name = Release;
		};
        AA0AC691EEE5AA4458907AD6 /* Debug */ = {
            isa = XCBuildConfiguration;
            buildSettings = {
                ALWAYS_SEARCH_USER_PATHS = NO;
                ARCHS = "$(ARCHS_STANDARD_INCLUDING_64_BIT)";
                CLANG_CXX_LANGUAGE_STANDARD = "gnu++0x";
                CLANG_CXX_LIBRARY = "libc++";
                CLANG_ENABLE_MODULES = YES;
                CLANG_ENABLE_OBJC_ARC = YES;
                CLANG_WARN_BOOL_CONVERSION = YES;
                CLANG_WARN_CONSTANT_CONVERSION = YES;
                CLANG_WARN_DIRECT_OBJC_ISA_USAGE = YES_ERROR;
                CLANG_WARN_EMPTY_BODY = YES;
                CLANG_WARN_ENUM_CONVERSION = YES;
                CLANG_WARN_INT_CONVERSION = YES;
                CLANG_WARN_OBJC_ROOT_CLASS = YES_ERROR;
                CLANG_WARN__DUPLICATE_METHOD_MATCH = YES;
                COPY_PHASE_STRIP = NO;
                GCC_C_LANGUAGE_STANDARD = gnu99;
                GCC_DYNAMIC_NO_PIC = NO;
                GCC_OPTIMIZATION_LEVEL = 0;
                GCC_PREPROCESSOR_DEFINITIONS = (
                    "DEBUG=1",
                    "$(inherited)",
                );
                GCC_SYMBOLS_PRIVATE_EXTERN = NO;
                GCC_WARN_64_TO_32_BIT_CONVERSION = YES;
                GCC_WARN_ABOUT_RETURN_TYPE = YES_ERROR;
                GCC_WARN_UNDECLARED_SELECTOR = YES;
                GCC_WARN_UNINITIALIZED_AUTOS = YES;
                GCC_WARN_UNUSED_FUNCTION = YES;
                GCC_WARN_UNUSED_VARIABLE = YES;
                IPHONEOS_DEPLOYMENT_TARGET = 7.0;
                ONLY_ACTIVE_ARCH = YES;
                SDKROOT = iphoneos;
            };
            name = Debug;
        };
        AA5F21FF2C43D94D01B5E83B /* Release */ = {
            isa = XCBuildConfiguration;
            buildSettings = {
                ALWAYS_SEARCH_USER_PATHS = NO;
                ARCHS = "$(ARCHS_STANDARD_INCLUDING_64_BIT)";
                CLANG_CXX_LANGUAGE_STANDARD = "gnu++0x";
                CLANG_CXX_LIBRARY = "libc++";
                CLANG_ENABLE_MODULES = YES;
                CLANG_ENABLE_OBJC_ARC = YES;
                CLANG_WARN_BOOL_CONVERSION = YES;
                CLANG_WARN_CONSTANT_CONVERSION = YES;
                CLANG_WARN_DIRECT_OBJC_ISA_USAGE = YES_ERROR;
                CLANG_WARN_EMPTY_BODY = YES;
                CLANG_WARN_ENUM_CONVERSION = YES;
                CLANG_WARN_INT_CONVERSION = YES;
                CLANG_WARN_OBJC_ROOT_CLASS = YES_ERROR;
                CLANG_WARN__DUPLICATE_METHOD_MATCH = YES;
                COPY_PHASE_STRIP = YES;
                ENABLE_NS_ASSERTIONS = NO;
                GCC_C_LANGUAGE_STANDARD = gnu99;
                GCC_WARN_64_TO_32_BIT_CONVERSION = YES;
                GCC_WARN_ABOUT_RETURN_TYPE = YES_ERROR;
                GCC_WARN_UNDECLARED_SELECTOR = YES;
                GCC_WARN_UNINITIALIZED_AUTOS = YES;
                GCC_WARN_UNUSED_FUNCTION = YES;
                GCC_WARN_UNUSED_VARIABLE = YES;
                IPHONEOS_DEPLOYMENT_TARGET = 7.0;
                SDKROOT = iphoneos;
                VALIDATE_PRODUCT = YES;
            };
            name = Release;
        };
        AAB1265C7B22724E4680C995 /* Debug */ = {
            isa = XCBuildConfiguration;
            buildSettings = {
                DEAD_CODE_STRIPPING = NO;
                DSTROOT = /tmp/DigitalNewzealand.dst;
                GCC_PRECOMPILE_PREFIX_HEADER = YES;
                GCC_PREFIX_HEADER = "DigitalNewzealand/DigitalNewzealand-Prefix.pch";
                OTHER_LDFLAGS = "";
                PRODUCT_NAME = "$(TARGET_NAME)";
				PUBLIC_HEADERS_FOLDER_PATH = "include/$(PROJECT_NAME)";
                SKIP_INSTALL = YES;
				STRIP_INSTALLED_PRODUCT = NO;
				STRIP_STYLE = "non-global";
            };
            name = Debug;
        };
        AAF1C7817967FB4F5582CBC8 /* Release */ = {
            isa = XCBuildConfiguration;
            buildSettings = {
				COPY_PHASE_STRIP = NO;
				DEAD_CODE_STRIPPING = NO;
                DSTROOT = /tmp/DigitalNewzealand.dst;
                GCC_PRECOMPILE_PREFIX_HEADER = YES;
                GCC_PREFIX_HEADER = "DigitalNewzealand/DigitalNewzealand-Prefix.pch";
                OTHER_LDFLAGS = "";
                PRODUCT_NAME = "$(TARGET_NAME)";
				PUBLIC_HEADERS_FOLDER_PATH = "include/$(PROJECT_NAME)";
                SKIP_INSTALL = YES;
				STRIP_INSTALLED_PRODUCT = NO;
				STRIP_STYLE = "non-global";
            };
            name = Release;
        };
/* End XCBuildConfiguration section */

/* Begin XCConfigurationList section */
		AADD0626D4C19E44F98A6003 /* Build configuration list for PBXAggregateTarget "Framework" */ = {
			isa = XCConfigurationList;
			buildConfigurations = (
				AA3CB7EC6425E543CE8CE694 /* Debug */,
				AAFDE162F12C284003BACC13 /* Release */,
			);
			defaultConfigurationIsVisible = 0;
		};
        AA043128795E504CCD81AC37 /* Build configuration list for PBXProject "DigitalNewzealand" */ = {
            isa = XCConfigurationList;
            buildConfigurations = (
                AA0AC691EEE5AA4458907AD6 /* Debug */,
                AA5F21FF2C43D94D01B5E83B /* Release */,
            );
            defaultConfigurationIsVisible = 0;
            defaultConfigurationName = Release;
        };
        AA87E56BE617CF473CBFCEC8 /* Build configuration list for PBXNativeTarget "DigitalNewzealand" */ = {
            isa = XCConfigurationList;
            buildConfigurations = (
                AAB1265C7B22724E4680C995 /* Debug */,
                AAF1C7817967FB4F5582CBC8 /* Release */,
            );
            defaultConfigurationIsVisible = 0;
            defaultConfigurationName = Release;
        };
/* End XCConfigurationList section */
    };
    rootObject = AAA29E9F8E078D4547B97FF4 /* Project object */;
}