// !$*UTF8*$!
{
    archiveVersion = 1;
    classes = {
    };
    objectVersion = 46;
    objects = {

/* Begin PBXAggregateTarget section */
		AA964B3D2BA7B841E1B1B33D /* Framework */ = {
			isa = PBXAggregateTarget;
			buildConfigurationList = AA312D19670B3940E4892E3A /* Build configuration list for PBXAggregateTarget "Framework" */;
			buildPhases = (
				AA6D7F6271F99048FA92C90D /* MultiBuild Framework */,
			);
			dependencies = (
				AA5344595EAA3A41DF9DC4C4 /* PBXTargetDependency */,
			);
			name = Framework;
			productName = Framework;
		};
/* End PBXAggregateTarget section */

/* Begin PBXBuildFile section */
        AA54340ADD39654FB2B0DD0D /* Foundation.framework in Frameworks */ = {isa = PBXBuildFile; fileRef = AAFC298A8BAD874AB8867162 /* Foundation.framework */; };
        AA0047B9782193467B851306 /* Foundation.framework in Frameworks */ = {isa = PBXBuildFile; fileRef = AAFC298A8BAD874AB8867162 /* Foundation.framework */; };
        AA1C4E47F394BE426DA78244 /* UIKit.framework in Frameworks */ = {isa = PBXBuildFile; fileRef = AA0337F2BD3E2A4AE0943856 /* UIKit.framework */; };
        AA544E5F6C83EC43DCA61F56 /* libDigitalNewzealand.a in Frameworks */ = {isa = PBXBuildFile; fileRef = AAF124C14E395A4BE7B88E64 /* libDigitalNewzealand.a */; };
        AA94B5FB6A865243DFA91D81 /* APIHelper.m in Sources */ = {isa = PBXBuildFile; fileRef = AA22DA49BBD6894929B439F4 /* APIHelper.m */; };
        AA98A08B35FD8E4165B9DD93 /* APIError.m in Sources */ = {isa = PBXBuildFile; fileRef = AA3EA55AF71C22415AA91F1D /* APIError.m */; };
        AA8D7A58B8E11D4A6AA0AB58 /* Configuration.m in Sources */ = {isa = PBXBuildFile; fileRef = AA94C48D35BF6E442C8D997C /* Configuration.m */; };
		AA0C04DD3F6EBA44D294D6B0 /* SearchRecordInput.h in Headers */ = {isa = PBXBuildFile; fileRef = AA4C1ACDF6FFE6429BB14D2A /* SearchRecordInput.h */; settings = {ATTRIBUTES = (Public, ); }; };
		AA4520673799404B56AFE5BC /* SearchRecordInput.m in Sources */ = {isa = PBXBuildFile; fileRef = AADC0EBE9BB68345A59F701E /* SearchRecordInput.m */; };
		AAAAB821F91BC64AD482D6E4 /* GetMetadataInput.h in Headers */ = {isa = PBXBuildFile; fileRef = AA1109EC1C54DB4701B722FF /* GetMetadataInput.h */; settings = {ATTRIBUTES = (Public, ); }; };
		AAC9378C114D774A2B9CC615 /* GetMetadataInput.m in Sources */ = {isa = PBXBuildFile; fileRef = AA6E76A180A9214CC68AD38E /* GetMetadataInput.m */; };
		AAD3807DDBF7534E61AA474C /* ResultsCollection.h in Headers */ = {isa = PBXBuildFile; fileRef = AAFE7D7F4C67CB4C79AC08FC /* ResultsCollection.h */; settings = {ATTRIBUTES = (Public, ); }; };
		AA4FC607CA6DAE43529F73D0 /* ResultsCollection.m in Sources */ = {isa = PBXBuildFile; fileRef = AA39C9A7CC21F04C7BB1B722 /* ResultsCollection.m */; };
		AA5B5A8522DF4741E1BEB7B4 /* CollectionSearchRecords.h in Headers */ = {isa = PBXBuildFile; fileRef = AA4CB6A7E026F9414184F3AB /* CollectionSearchRecords.h */; settings = {ATTRIBUTES = (Public, ); }; };
		AAB81CD04AA61149FF80C59C /* CollectionSearchRecords.m in Sources */ = {isa = PBXBuildFile; fileRef = AA35D3C312D0554DE68533B6 /* CollectionSearchRecords.m */; };
		AA837BDDB44C1F451E958C25 /* SearchRecordController.h in Headers */ = {isa = PBXBuildFile; fileRef = AAA5D91A0E9F784460BFA7C7 /* SearchRecordController.h */; settings = {ATTRIBUTES = (Public, ); }; };
		AA7ED381F9BC944C23BD543C /* SearchRecordController.m in Sources */ = {isa = PBXBuildFile; fileRef = AAF2FE6BF7CFFC4190BDD224 /* SearchRecordController.m */; };
		AA7F2E2E7FB5D64F0A98C591 /* MetadataController.h in Headers */ = {isa = PBXBuildFile; fileRef = AA2CDA70E279934CBD8C87FC /* MetadataController.h */; settings = {ATTRIBUTES = (Public, ); }; };
		AA20637939D86C461AB3B115 /* MetadataController.m in Sources */ = {isa = PBXBuildFile; fileRef = AA5F20D3FAB5434D3C903DD9 /* MetadataController.m */; };
		AA2DA56C32E7B34379B9D683 /* Configuration.h in Headers */ = {isa = PBXBuildFile; fileRef = AAFC124E132FFD4A66B961AE /* Configuration.h */; settings = {ATTRIBUTES = (Public, ); }; };
		AA2480249FB5774983BA609C /* APIError.h in Headers */ = {isa = PBXBuildFile; fileRef = AAF381A97A8E234DD7B4A3F3 /* APIError.h */; settings = {ATTRIBUTES = (Public, ); }; };
		AA7778E1B98B7E47AEA836E6 /* APIHelper.h in Headers */ = {isa = PBXBuildFile; fileRef = AA57277990D2F64C0D87B604 /* APIHelper.h */; settings = {ATTRIBUTES = (Public, ); }; };
		AAEDAAEC0899CC4DA8A4F05C /* libPods.a in Frameworks */ = {isa = PBXBuildFile; fileRef = AAEF0197B6CC00424E8463F7 /* libPods.a */; };
		AAE90423707A414F87AEF83D /* libJSONModel.a in Frameworks */ = {isa = PBXBuildFile; fileRef = AA391043668E8643F7AFADD3 /* libJSONModel.a */; };		
		AA9596CCE7014941519F2AFF /* libUnirest.a in Frameworks */ = {isa = PBXBuildFile; fileRef = AAE78D21B008404049B4113C /* libUnirest.a */; };
		AA4F97BC5F8FCA4C71ADD206 /* IHttpClient.h in Headers */ = {isa = PBXBuildFile; fileRef = AA245C710DB0014F699015F1 /* IHttpClient.h */; settings = {ATTRIBUTES = (Public, ); }; };
		AA9D66C2AD7C1E4AB09F4CD8 /* HttpContext.h in Headers */ = {isa = PBXBuildFile; fileRef = AA9B4D9356B6CF41629058F3 /* HttpContext.h */; settings = {ATTRIBUTES = (Public, ); }; };
		AAC8EB94B12B0341018A6DFE /* HttpContext.m in Sources */ = {isa = PBXBuildFile; fileRef = AAF939BEC1741E49F5876BEA /* HttpContext.m */; };

		AA77AD0B22E71841AC966B8E /* UnirestClient.h in Headers */ = {isa = PBXBuildFile; fileRef = AA20F1DE3B95B74AF6B06831 /* UnirestClient.h */; settings = {ATTRIBUTES = (Public, ); }; };
		AAFC197240C0454208ABB71F /* UnirestClient.m in Sources */ = {isa = PBXBuildFile; fileRef = AA3959655C140C4FBB846B8B /* UnirestClient.m */; };
		AA1EEEA9A819674A4FBFD2AC /* HttpBodyRequest.h in Headers */ = {isa = PBXBuildFile; fileRef = AABFCD818261D54EC68AEDAA /* HttpBodyRequest.h */; settings = {ATTRIBUTES = (Public, ); }; };
		AA11DDBF43D46844BB87174D /* HttpBodyRequest.m in Sources */ = {isa = PBXBuildFile; fileRef = AAAB0611FFB3A74ADEBA27EF /* HttpBodyRequest.m */; };
		AA0FBC03218CA94CF4BD01EA /* HttpMethod.h in Headers */ = {isa = PBXBuildFile; fileRef = AACAC8ADF97D4E430E92BA3D /* HttpMethod.h */; settings = {ATTRIBUTES = (Public, ); }; };
		AA541DC409E498493391B772 /* HttpRequest.h in Headers */ = {isa = PBXBuildFile; fileRef = AAA3440CEB733B4C09BAA1D2 /* HttpRequest.h */; settings = {ATTRIBUTES = (Public, ); }; };
		AA5B81B01CB62442DEBECA59 /* HttpRequest.m in Sources */ = {isa = PBXBuildFile; fileRef = AA47F303BBD1E74836BE6E9C /* HttpRequest.m */; };
		AA31FE003BB91A404A9AB07B /* HttpResponse.h in Headers */ = {isa = PBXBuildFile; fileRef = AA3F204601B52E4AA9923D2F /* HttpResponse.h */; settings = {ATTRIBUTES = (Public, ); }; };
		AABF3D9D22B8334C9D902ADD /* HttpResponse.m in Sources */ = {isa = PBXBuildFile; fileRef = AA87B757DAA2914596837B40 /* HttpResponse.m */; };
		AA1D3F4965DD984E0A8953A7 /* HttpStringResponse.h in Headers */ = {isa = PBXBuildFile; fileRef = AA8B6D2130CA144B3D985C81 /* HttpStringResponse.h */; settings = {ATTRIBUTES = (Public, ); }; };
		AA68A84148C65E4D50990EB8 /* HttpStringResponse.m in Sources */ = {isa = PBXBuildFile; fileRef = AA7DC9CAC9911E4DF3AE1955 /* HttpStringResponse.m */; };
		AA41F92A9A116744FDB211A0 /* BaseController.h in Headers */ = {isa = PBXBuildFile; fileRef = AA9353B9E5D322404B8346F9 /* BaseController.h */; settings = {ATTRIBUTES = (Public, ); }; };
		AA50DD36EF4A77460FA1FCF9 /* BaseController.m in Sources */ = {isa = PBXBuildFile; fileRef = AA3496AAA3EAB24AF0824C04 /* BaseController.m */; };
/* End PBXBuildFile section */

/* Begin PBXContainerItemProxy section */
		AACA633169D75440A48C5674 /* PBXContainerItemProxy */ = {
			isa = PBXContainerItemProxy;
			containerPortal = AAE8259A1F711D4446B5F2D3 /* Project object */;
			proxyType = 1;
			remoteGlobalIDString = AA83F2B259C3D14D29A5CD01;
			remoteInfo = DigitalNewzealand;
		};
        AACA633169D75440A48C5674 /* PBXContainerItemProxy */ = {
            isa = PBXContainerItemProxy;
            containerPortal = AAEAB9828784984B58B71712 /* Project object */;
            proxyType = 1;
            remoteGlobalIDString = AA83F2B259C3D14D29A5CD01;
            remoteInfo = DigitalNewzealand;
        };
/* End PBXContainerItemProxy section */

/* Begin PBXCopyFilesBuildPhase section */
        AA34C4B31C40CA4E12AB39E5 /* CopyFiles */ = {
            isa = PBXCopyFilesBuildPhase;
            buildActionMask = 2147483647;
            dstPath = "include/$(PRODUCT_NAME)";
            dstSubfolderSpec = 16;
            files = (
            );
            runOnlyForDeploymentPostprocessing = 0;
        };
/* End PBXCopyFilesBuildPhase section */

/* Begin PBXFileReference section */
        AAF124C14E395A4BE7B88E64 /* libDigitalNewzealand.a */ = {isa = PBXFileReference; explicitFileType = archive.ar; includeInIndex = 0; path = libDigitalNewzealand.a; sourceTree = BUILT_PRODUCTS_DIR; };
        AAFC298A8BAD874AB8867162 /* Foundation.framework */ = {isa = PBXFileReference; lastKnownFileType = wrapper.framework; name = Foundation.framework; path = System/Library/Frameworks/Foundation.framework; sourceTree = SDKROOT; };
        AA97EB2798F0964541912606 /* DigitalNewzealand-Prefix.pch */ = {isa = PBXFileReference; lastKnownFileType = sourcecode.c.h; path = "DigitalNewzealand-Prefix.pch"; sourceTree = "<group>"; };
        AA0337F2BD3E2A4AE0943856 /* UIKit.framework */ = {isa = PBXFileReference; lastKnownFileType = wrapper.framework; name = UIKit.framework; path = Library/Frameworks/UIKit.framework; sourceTree = DEVELOPER_DIR; };
        AA22DA49BBD6894929B439F4 /* APIHelper.m */ = {isa = PBXFileReference; fileEncoding = 4; lastKnownFileType = sourcecode.c.objc; path = APIHelper.m; sourceTree = "<group>"; };
        AA57277990D2F64C0D87B604 /* APIHelper.h */ = {isa = PBXFileReference; fileEncoding = 4; lastKnownFileType = sourcecode.c.h; path = APIHelper.h; sourceTree = "<group>"; };		
        AA3EA55AF71C22415AA91F1D /* APIError.m */ = {isa = PBXFileReference; fileEncoding = 4; lastKnownFileType = sourcecode.c.objc; path = APIError.m; sourceTree = "<group>"; };
        AAF381A97A8E234DD7B4A3F3 /* APIError.h */ = {isa = PBXFileReference; fileEncoding = 4; lastKnownFileType = sourcecode.c.h; path = APIError.h; sourceTree = "<group>"; };
        AA94C48D35BF6E442C8D997C /* Configuration.m */ = {isa = PBXFileReference; fileEncoding = 4; lastKnownFileType = sourcecode.c.objc; path = Configuration.m; sourceTree = "<group>"; };
        AAFC124E132FFD4A66B961AE /* Configuration.h */ = {isa = PBXFileReference; fileEncoding = 4; lastKnownFileType = sourcecode.c.h; path = Configuration.h; sourceTree = "<group>"; };
		AA4C1ACDF6FFE6429BB14D2A /* SearchRecordInput.h */ = {isa = PBXFileReference; fileEncoding = 4; lastKnownFileType = sourcecode.c.h; name = SearchRecordInput.h; path = Models/SearchRecordInput.h; sourceTree = "<group>"; };
		AADC0EBE9BB68345A59F701E /* SearchRecordInput.m */ = {isa = PBXFileReference; fileEncoding = 4; lastKnownFileType = sourcecode.c.objc; name = SearchRecordInput.m; path = Models/SearchRecordInput.m; sourceTree = "<group>"; };
		AA1109EC1C54DB4701B722FF /* GetMetadataInput.h */ = {isa = PBXFileReference; fileEncoding = 4; lastKnownFileType = sourcecode.c.h; name = GetMetadataInput.h; path = Models/GetMetadataInput.h; sourceTree = "<group>"; };
		AA6E76A180A9214CC68AD38E /* GetMetadataInput.m */ = {isa = PBXFileReference; fileEncoding = 4; lastKnownFileType = sourcecode.c.objc; name = GetMetadataInput.m; path = Models/GetMetadataInput.m; sourceTree = "<group>"; };
		AAFE7D7F4C67CB4C79AC08FC /* ResultsCollection.h */ = {isa = PBXFileReference; fileEncoding = 4; lastKnownFileType = sourcecode.c.h; name = ResultsCollection.h; path = Models/ResultsCollection.h; sourceTree = "<group>"; };
		AA39C9A7CC21F04C7BB1B722 /* ResultsCollection.m */ = {isa = PBXFileReference; fileEncoding = 4; lastKnownFileType = sourcecode.c.objc; name = ResultsCollection.m; path = Models/ResultsCollection.m; sourceTree = "<group>"; };
		AA4CB6A7E026F9414184F3AB /* CollectionSearchRecords.h */ = {isa = PBXFileReference; fileEncoding = 4; lastKnownFileType = sourcecode.c.h; name = CollectionSearchRecords.h; path = Models/CollectionSearchRecords.h; sourceTree = "<group>"; };
		AA35D3C312D0554DE68533B6 /* CollectionSearchRecords.m */ = {isa = PBXFileReference; fileEncoding = 4; lastKnownFileType = sourcecode.c.objc; name = CollectionSearchRecords.m; path = Models/CollectionSearchRecords.m; sourceTree = "<group>"; };
		AAA5D91A0E9F784460BFA7C7 /* SearchRecordController.h */ = {isa = PBXFileReference; fileEncoding = 4; lastKnownFileType = sourcecode.c.h; name = SearchRecordController.h; path = Controllers/SearchRecordController.h; sourceTree = "<group>"; };
		AAF2FE6BF7CFFC4190BDD224 /* SearchRecordController.m */ = {isa = PBXFileReference; fileEncoding = 4; lastKnownFileType = sourcecode.c.objc; name = SearchRecordController.m; path = Controllers/SearchRecordController.m; sourceTree = "<group>"; };
		AA2CDA70E279934CBD8C87FC /* MetadataController.h */ = {isa = PBXFileReference; fileEncoding = 4; lastKnownFileType = sourcecode.c.h; name = MetadataController.h; path = Controllers/MetadataController.h; sourceTree = "<group>"; };
		AA5F20D3FAB5434D3C903DD9 /* MetadataController.m */ = {isa = PBXFileReference; fileEncoding = 4; lastKnownFileType = sourcecode.c.objc; name = MetadataController.m; path = Controllers/MetadataController.m; sourceTree = "<group>"; };
		AAEF0197B6CC00424E8463F7 /* libPods.a */ = {isa = PBXFileReference; explicitFileType = archive.ar; includeInIndex = 0; path = libPods.a; sourceTree = BUILT_PRODUCTS_DIR; };
		AA391043668E8643F7AFADD3 /* libJSONModel.a */ = {isa = PBXFileReference; lastKnownFileType = file; name = "libJSONModel.a"; path = "libJSONModel.a"; sourceTree = "<group>"; };
		AAE78D21B008404049B4113C /* libUnirest.a */ = {isa = PBXFileReference; lastKnownFileType = file; name = "libUnirest.a"; path = "libUnirest.a"; sourceTree = "<group>"; };
        AA245C710DB0014F699015F1 /* IHttpClient.h */ = {isa = PBXFileReference; fileEncoding = 4; lastKnownFileType = sourcecode.c.h; name = IHttpClient.h; path = Http/Client/IHttpClient.h; sourceTree = "<group>"; };
		AA20F1DE3B95B74AF6B06831 /* UnirestClient.h */ = {isa = PBXFileReference; fileEncoding = 4; lastKnownFileType = sourcecode.c.h; name = UnirestClient.h; path = Http/Client/UnirestClient.h; sourceTree = "<group>"; };
		AA3959655C140C4FBB846B8B /* UnirestClient.m */ = {isa = PBXFileReference; fileEncoding = 4; lastKnownFileType = sourcecode.c.objc; name = UnirestClient.m; path = Http/Client/UnirestClient.m; sourceTree = "<group>"; };
		AA9B4D9356B6CF41629058F3 /* HttpContext.h */ = {isa = PBXFileReference; fileEncoding = 4; lastKnownFileType = sourcecode.c.h; name = HttpContext.h; path = Http/Client/HttpContext.h; sourceTree = "<group>"; };
		AAF939BEC1741E49F5876BEA /* HttpContext.m */ = {isa = PBXFileReference; fileEncoding = 4; lastKnownFileType = sourcecode.c.objc;name = HttpContext.m;  path = Http/Client/HttpContext.m; sourceTree = "<group>"; };

		AABFCD818261D54EC68AEDAA /* HttpBodyRequest.h */ = {isa = PBXFileReference; fileEncoding = 4; lastKnownFileType = sourcecode.c.h; name = HttpBodyRequest.h; path = Http/Request/HttpBodyRequest.h; sourceTree = "<group>"; };
		AAAB0611FFB3A74ADEBA27EF /* HttpBodyRequest.m */ = {isa = PBXFileReference; fileEncoding = 4; lastKnownFileType = sourcecode.c.objc; name = HttpBodyRequest.m; path = Http/Request/HttpBodyRequest.m; sourceTree = "<group>"; };
		AACAC8ADF97D4E430E92BA3D /* HttpMethod.h */ = {isa = PBXFileReference; fileEncoding = 4; lastKnownFileType = sourcecode.c.h; name = HttpMethod.h; path = Http/Request/HttpMethod.h; sourceTree = "<group>"; };
		AAA3440CEB733B4C09BAA1D2 /* HttpRequest.h */ = {isa = PBXFileReference; fileEncoding = 4; lastKnownFileType = sourcecode.c.h; name = HttpRequest.h; path = Http/Request/HttpRequest.h; sourceTree = "<group>"; };
		AA47F303BBD1E74836BE6E9C /* HttpRequest.m */ = {isa = PBXFileReference; fileEncoding = 4; lastKnownFileType = sourcecode.c.objc; name = HttpRequest.m; path = Http/Request/HttpRequest.m; sourceTree = "<group>"; };
		AA3F204601B52E4AA9923D2F /* HttpResponse.h */ = {isa = PBXFileReference; fileEncoding = 4; lastKnownFileType = sourcecode.c.h; name = HttpResponse.h; path = Http/Response/HttpResponse.h; sourceTree = "<group>"; };
		AA87B757DAA2914596837B40 /* HttpResponse.m */ = {isa = PBXFileReference; fileEncoding = 4; lastKnownFileType = sourcecode.c.objc; name = HttpResponse.m; path = Http/Response/HttpResponse.m; sourceTree = "<group>"; };
		AA8B6D2130CA144B3D985C81 /* HttpStringResponse.h */ = {isa = PBXFileReference; fileEncoding = 4; lastKnownFileType = sourcecode.c.h; name = HttpStringResponse.h; path = Http/Response/HttpStringResponse.h; sourceTree = "<group>"; };
		AA7DC9CAC9911E4DF3AE1955 /* HttpStringResponse.m */ = {isa = PBXFileReference; fileEncoding = 4; lastKnownFileType = sourcecode.c.objc; name = HttpStringResponse.m; path = Http/Response/HttpStringResponse.m; sourceTree = "<group>"; };
		AA9353B9E5D322404B8346F9 /* BaseController.h */ = {isa = PBXFileReference; fileEncoding = 4; lastKnownFileType = sourcecode.c.h; name = BaseController.h; path = Controllers/BaseController.h; sourceTree = "<group>"; };
		AA3496AAA3EAB24AF0824C04 /* BaseController.m */ = {isa = PBXFileReference; fileEncoding = 4; lastKnownFileType = sourcecode.c.objc; name = BaseController.m; path = Controllers/BaseController.m; sourceTree = "<group>"; };
/* End PBXFileReference section */

/* Begin PBXFrameworksBuildPhase section */
        AAFCB529C3E99446FF962F92 /* Frameworks */ = {
            isa = PBXFrameworksBuildPhase;
            buildActionMask = 2147483647;
            files = (
                AA54340ADD39654FB2B0DD0D /* Foundation.framework in Frameworks */,
				AA9596CCE7014941519F2AFF /* libUnirest.a in Frameworks */,				
				AAE90423707A414F87AEF83D /* libJSONModel.a in Frameworks */,				
				AAEDAAEC0899CC4DA8A4F05C /* libPods.a in Frameworks */,
            );
            runOnlyForDeploymentPostprocessing = 0;
        };
        AA75A5EA545B4C419F99010C /* Frameworks */ = {
            isa = PBXFrameworksBuildPhase;
            buildActionMask = 2147483647;
            files = (
                AA1C4E47F394BE426DA78244 /* UIKit.framework in Frameworks */,
                AA544E5F6C83EC43DCA61F56 /* libDigitalNewzealand.a in Frameworks */,
                AA0047B9782193467B851306 /* Foundation.framework in Frameworks */,
            );
            runOnlyForDeploymentPostprocessing = 0;
        };
/* End PBXFrameworksBuildPhase section */

/* Begin PBXGroup section */
        AAF4185BADD0E74647AC4960 = {
            isa = PBXGroup;
            children = (
                AA9AD1403E20514E7E8F9CED /* DigitalNewzealand */,
                AA1628D5C376564D86B64235 /* Frameworks */,
                AA1680BC93766C46C2865576 /* Products */,
            );
            sourceTree = "<group>";
        };
        AA1680BC93766C46C2865576 /* Products */ = {
            isa = PBXGroup;
            children = (
                AAF124C14E395A4BE7B88E64 /* libDigitalNewzealand.a */,
            );
            name = Products;
            sourceTree = "<group>";
        };
        AA1628D5C376564D86B64235 /* Frameworks */ = {
            isa = PBXGroup;
            children = (
				AAE78D21B008404049B4113C /* libUnirest.a */,
				AA391043668E8643F7AFADD3 /* libJSONModel.a */,
				AAEF0197B6CC00424E8463F7 /* libPods.a */,
                AAFC298A8BAD874AB8867162 /* Foundation.framework */,
                AA0337F2BD3E2A4AE0943856 /* UIKit.framework */,
            );
            name = Frameworks;
            sourceTree = "<group>";
        };
        AA9AD1403E20514E7E8F9CED /* DigitalNewzealand */ = {
            isa = PBXGroup;
            children = (
                AA931DF5D2E5BB43918DD3D5 /* Models */,
                AA06BF53615E1E4822A44659 /* Http */,
                AAF315BF62BA374F3496C9AE /* Controllers */,
                AA918904EE092243ACA47C7C /* Supporting Files */,
                AA22DA49BBD6894929B439F4 /* APIHelper.m */,
                AA57277990D2F64C0D87B604 /* APIHelper.h */,
                AA3EA55AF71C22415AA91F1D /* APIError.m */,
                AAF381A97A8E234DD7B4A3F3 /* APIError.h */,
                AA94C48D35BF6E442C8D997C /* Configuration.m */,
                AAFC124E132FFD4A66B961AE /* Configuration.h */,
            );
            path = DigitalNewzealand;
            sourceTree = "<group>";
        };
        AA918904EE092243ACA47C7C /* Supporting Files */ = {
            isa = PBXGroup;
            children = (
                AA97EB2798F0964541912606 /* DigitalNewzealand-Prefix.pch */,
            );
            name = "Supporting Files";
            sourceTree = "<group>";
        };
        AAF315BF62BA374F3496C9AE /* Controllers */ = {
            isa = PBXGroup;
            children = (
				AA9353B9E5D322404B8346F9 /* BaseController.h */,
				AA3496AAA3EAB24AF0824C04 /* BaseController.m */,
				AAA5D91A0E9F784460BFA7C7 /* SearchRecordController.h */,
				AAF2FE6BF7CFFC4190BDD224 /* SearchRecordController.m */,
				AA2CDA70E279934CBD8C87FC /* MetadataController.h */,
				AA5F20D3FAB5434D3C903DD9 /* MetadataController.m */,
            );
            name = Controllers;
            sourceTree = "<group>";
        };
		AA34B54DFA770B492AA340A4 /* Client */ = {
			isa = PBXGroup;
			children = (
				AA245C710DB0014F699015F1 /* IHttpClient.h */,
				AA20F1DE3B95B74AF6B06831 /* UnirestClient.h */,
				AA3959655C140C4FBB846B8B /* UnirestClient.m */,
				AA9B4D9356B6CF41629058F3 /* HttpContext.h */,
				AAF939BEC1741E49F5876BEA /* HttpContext.m */,
			);
			name = Client;
			sourceTree = "<group>";
		};
		AA06BF53615E1E4822A44659 /* Http */ = {
			isa = PBXGroup;
			children = (
				AABA5E83B26177429896F1D3 /* Request */,
				AA34B54DFA770B492AA340A4 /* Client */,
				AABC4AC844E9EA4D6C904FA3 /* Response */,
			);
			name = Http;
			sourceTree = "<group>";
		};
		AABA5E83B26177429896F1D3 /* Request */ = {
			isa = PBXGroup;
			children = (
				AABFCD818261D54EC68AEDAA /* HttpBodyRequest.h */,
				AAAB0611FFB3A74ADEBA27EF /* HttpBodyRequest.m */,
				AACAC8ADF97D4E430E92BA3D /* HttpMethod.h */,
				AAA3440CEB733B4C09BAA1D2 /* HttpRequest.h */,
				AA47F303BBD1E74836BE6E9C /* HttpRequest.m */,
			);
			name = Request;
			sourceTree = "<group>";
		};
		AABC4AC844E9EA4D6C904FA3 /* Response */ = {
			isa = PBXGroup;
			children = (
				AA3F204601B52E4AA9923D2F /* HttpResponse.h */,
				AA87B757DAA2914596837B40 /* HttpResponse.m */,
				AA8B6D2130CA144B3D985C81 /* HttpStringResponse.h */,
				AA7DC9CAC9911E4DF3AE1955 /* HttpStringResponse.m */,
			);
			name = Response;
			sourceTree = "<group>";
		};
        AA931DF5D2E5BB43918DD3D5 /* Models */ = {
            isa = PBXGroup;
            children = (
				AA4C1ACDF6FFE6429BB14D2A /* SearchRecordInput.h */,
				AADC0EBE9BB68345A59F701E /* SearchRecordInput.m */,
				AA1109EC1C54DB4701B722FF /* GetMetadataInput.h */,
				AA6E76A180A9214CC68AD38E /* GetMetadataInput.m */,
				AAFE7D7F4C67CB4C79AC08FC /* ResultsCollection.h */,
				AA39C9A7CC21F04C7BB1B722 /* ResultsCollection.m */,
				AA4CB6A7E026F9414184F3AB /* CollectionSearchRecords.h */,
				AA35D3C312D0554DE68533B6 /* CollectionSearchRecords.m */,
            );
            name = Models;
            sourceTree = "<group>";
        };
/* End PBXGroup section */

/* Begin PBXHeadersBuildPhase section */
		AAD6B487E774C14AD4A0F8BF /* Headers */ = {
			isa = PBXHeadersBuildPhase;
			buildActionMask = 2147483647;
			files = (
		AA0C04DD3F6EBA44D294D6B0 /* SearchRecordInput.h in Headers */,
		AAAAB821F91BC64AD482D6E4 /* GetMetadataInput.h in Headers */,
		AAD3807DDBF7534E61AA474C /* ResultsCollection.h in Headers */,
		AA5B5A8522DF4741E1BEB7B4 /* CollectionSearchRecords.h in Headers */,
		AA837BDDB44C1F451E958C25 /* SearchRecordController.h in Headers */,
		AA7F2E2E7FB5D64F0A98C591 /* MetadataController.h in Headers */,
		AA7778E1B98B7E47AEA836E6 /* APIHelper.h in Headers */,
		AA2DA56C32E7B34379B9D683 /* Configuration.h in Headers */,
		AA2480249FB5774983BA609C /* APIError.h in Headers */,
		AA1EEEA9A819674A4FBFD2AC /* HttpBodyRequest.h in Headers */,
		AA541DC409E498493391B772 /* HttpRequest.h in Headers */,
		AA4F97BC5F8FCA4C71ADD206 /* IHttpClient.h in Headers */,
		AA9D66C2AD7C1E4AB09F4CD8 /* HttpContext.h in Headers */,

		AA41F92A9A116744FDB211A0 /* BaseController.h in Headers */,
		AA31FE003BB91A404A9AB07B /* HttpResponse.h in Headers */,
		AA77AD0B22E71841AC966B8E /* UnirestClient.h in Headers */,
		AA1D3F4965DD984E0A8953A7 /* HttpStringResponse.h in Headers */,
		AA0FBC03218CA94CF4BD01EA /* HttpMethod.h in Headers */,
			);
			runOnlyForDeploymentPostprocessing = 0;
		};
/* End PBXHeadersBuildPhase section */

/* Begin PBXNativeTarget section */
        AA83F2B259C3D14D29A5CD01 /* DigitalNewzealand */ = {
            isa = PBXNativeTarget;
            buildConfigurationList = AA668C0FD2DB0A4B6396A45C /* Build configuration list for PBXNativeTarget "DigitalNewzealand" */;
            buildPhases = (
                AA9B643A4915F0495CA39E1C /* Sources */,
                AAFCB529C3E99446FF962F92 /* Frameworks */,
                AA34C4B31C40CA4E12AB39E5 /* CopyFiles */,
				AAD6B487E774C14AD4A0F8BF /* Headers */,
				AAE1938FD516504816959C13 /* Build Framework */,
            );
            buildRules = (
            );
            dependencies = (
            );
            name = DigitalNewzealand;
            productName = DigitalNewzealand;
            productReference = AAF124C14E395A4BE7B88E64 /* libDigitalNewzealand.a */;
            productType = "com.apple.product-type.library.static";
        };		
/* End PBXNativeTarget section */

/* Begin PBXProject section */
        AAEAB9828784984B58B71712 /* Project object */ = {
            isa = PBXProject;
            attributes = {
                LastUpgradeCheck = 0500;
                ORGANIZATIONNAME = APIMatic;
            };
            buildConfigurationList = AAD0FE326EC7B84B2D80DDD1 /* Build configuration list for PBXProject "DigitalNewzealand" */;
            compatibilityVersion = "Xcode 3.2";
            developmentRegion = English;
            hasScannedForEncodings = 0;
            knownRegions = (
                en,
            );
            mainGroup = AAF4185BADD0E74647AC4960;
            productRefGroup = AA1680BC93766C46C2865576 /* Products */;
            projectDirPath = "";
            projectRoot = "";
            targets = (
                AA83F2B259C3D14D29A5CD01 /* DigitalNewzealand */,
				AA964B3D2BA7B841E1B1B33D /* Framework */,
            );
        };
/* End PBXProject section */

/* Begin PBXShellScriptBuildPhase section */
		AAE1938FD516504816959C13 /* Build Framework */ = {
			isa = PBXShellScriptBuildPhase;
			buildActionMask = 2147483647;
			files = (
			);
			inputPaths = (
			);
			name = "Build Framework";
			outputPaths = (
			);
			runOnlyForDeploymentPostprocessing = 0;
			shellPath = /bin/sh;
			shellScript = "#Credit: http://www.raywenderlich.com/65964/create-a-framework-for-ios\nset -e\n\nexport FRAMEWORK_LOCN=\"${BUILT_PRODUCTS_DIR}/${PRODUCT_NAME}.framework\"\n\n# Create the path to the real Headers die\nmkdir -p \"${FRAMEWORK_LOCN}/Versions/A/Headers\"\n\n# Create the required symlinks\n/bin/ln -sfh A \"${FRAMEWORK_LOCN}/Versions/Current\"\n/bin/ln -sfh Versions/Current/Headers \"${FRAMEWORK_LOCN}/Headers\"\n/bin/ln -sfh \"Versions/Current/${PRODUCT_NAME}\" \\\n\"${FRAMEWORK_LOCN}/${PRODUCT_NAME}\"\n\n# Copy the public headers into the framework\n/bin/cp -f -r \"${PODS_ROOT}/Headers/Public/JSONModel/\" \\\n\"${FRAMEWORK_LOCN}/Versions/A/Headers\"\n\n# Copy the public headers into the framework\n/bin/cp -f -r \"${PODS_ROOT}/Headers/Public/Unirest/\" \\\n\"${FRAMEWORK_LOCN}/Versions/A/Headers\"\n\n# Copy the public headers into the framework\n/bin/cp -f -r \"${TARGET_BUILD_DIR}/${PUBLIC_HEADERS_FOLDER_PATH}/\" \\\n\"${FRAMEWORK_LOCN}/Versions/A/Headers\"";
		};
		AA6D7F6271F99048FA92C90D /* MultiBuild Framework */ = {
			isa = PBXShellScriptBuildPhase;
			buildActionMask = 2147483647;
			files = (
			);
			inputPaths = (
			);
			name = "MultiBuild Framework";
			outputPaths = (
			);
			runOnlyForDeploymentPostprocessing = 0;
			shellPath = /bin/sh;
			shellScript = "#Credit: http://www.raywenderlich.com/65964/create-a-framework-for-ios\nset -e\n\n# If we're already inside this script then die\nif [ -n \"$RW_MULTIPLATFORM_BUILD_IN_PROGRESS\" ]; then\nexit 0\nfi\n\nexport RW_MULTIPLATFORM_BUILD_IN_PROGRESS=1\n\nRW_FRAMEWORK_NAME=${PROJECT_NAME}\nRW_INPUT_STATIC_LIB=\"lib${PROJECT_NAME}.a\"\nRW_FRAMEWORK_LOCATION=\"${BUILT_PRODUCTS_DIR}/${RW_FRAMEWORK_NAME}.framework\"\n\nfunction build_static_library {\n    # Will rebuild the static library as specified\n    #     build_static_library sdk\n     \n     xcrun xcodebuild \\\n    -workspace \"${PROJECT_DIR}/${PROJECT_NAME}.xcworkspace\" \\\n    -scheme \"${TARGET_NAME}\" \\\n    -configuration \"${CONFIGURATION}\" \\\n    -sdk \"${1}\" \\\n    ONLY_ACTIVE_ARCH=NO \\\n    BUILD_DIR=\"${BUILD_DIR}\" \\\n    OBJROOT=\"${OBJROOT}\" \\\n    BUILD_ROOT=\"${BUILD_ROOT}\" \\\n    SYMROOT=\"${SYMROOT}\" $ACTION\n}\n\nfunction make_fat_library {\n    # Will smash 2 static libs together\n    #     make_fat_library in1 in2 out\n    xcrun lipo -create \"${1}\" \"${2}\" -output \"${3}\"\n}\n\n# 1 - Extract the platform (iphoneos/iphonesimulator) from the SDK name\nif [[ \"$SDK_NAME\" =~ ([A-Za-z]+) ]]; then\nRW_SDK_PLATFORM=${BASH_REMATCH[1]}\nelse\necho \"Could not find platform name from SDK_NAME: $SDK_NAME\"\nexit 1\nfi\n\n# 2 - Extract the version from the SDK\nif [[ \"$SDK_NAME\" =~ ([0-9]+.*$) ]]; then\nRW_SDK_VERSION=${BASH_REMATCH[1]}\nelse\necho \"Could not find sdk version from SDK_NAME: $SDK_NAME\"\nexit 1\nfi\n\n# 3 - Determine the other platform\nif [ \"$RW_SDK_PLATFORM\" == \"iphoneos\" ]; then\nRW_OTHER_PLATFORM=iphonesimulator\nelse\nRW_OTHER_PLATFORM=iphoneos\nfi\n\n# 4 - Find the build directory\nif [[ \"$BUILT_PRODUCTS_DIR\" =~ (.*)$RW_SDK_PLATFORM$ ]]; then\nRW_OTHER_BUILT_PRODUCTS_DIR=\"${BASH_REMATCH[1]}${RW_OTHER_PLATFORM}\"\nelse\necho \"Could not find other platform build directory.\"\nexit 1\nfi\n\n# Build the other platform.\nbuild_static_library \"${RW_OTHER_PLATFORM}${RW_SDK_VERSION}\"\n\n# If we're currently building for iphonesimulator, then need to rebuild\n#   to ensure that we get both i386 and x86_64\nif [ \"$RW_SDK_PLATFORM\" == \"iphonesimulator\" ]; then\nbuild_static_library \"${SDK_NAME}\"\nfi\n\n# Join the 2 static libs into 1 and push into the .framework\nmake_fat_library \"${BUILT_PRODUCTS_DIR}/${RW_INPUT_STATIC_LIB}\" \\\n\"${RW_OTHER_BUILT_PRODUCTS_DIR}/${RW_INPUT_STATIC_LIB}\" \\\n\"${RW_FRAMEWORK_LOCATION}/Versions/A/${RW_FRAMEWORK_NAME}\"\n\n# Ensure that the framework is present in both platform's build directories\ncp -a \"${RW_FRAMEWORK_LOCATION}/Versions/A/${RW_FRAMEWORK_NAME}\" \\\n\"${RW_OTHER_BUILT_PRODUCTS_DIR}/${RW_FRAMEWORK_NAME}.framework/Versions/A/${RW_FRAMEWORK_NAME}\"\n\n# Copy the framework to the user's desktop\nditto \"${RW_FRAMEWORK_LOCATION}\" \"${HOME}/Desktop/${RW_FRAMEWORK_NAME}.framework\"";
		};
/* End PBXShellScriptBuildPhase section */

/* Begin PBXSourcesBuildPhase section */
        AA9B643A4915F0495CA39E1C /* Sources */ = {
            isa = PBXSourcesBuildPhase;
            buildActionMask = 2147483647;
            files = (
                AA94B5FB6A865243DFA91D81 /* APIHelper.m in Sources */,
                AA98A08B35FD8E4165B9DD93 /* APIError.m in Sources */,
                AA8D7A58B8E11D4A6AA0AB58 /* Configuration.m in Sources */,
				AA4520673799404B56AFE5BC /* SearchRecordInput.m in Sources */,
				AAC9378C114D774A2B9CC615 /* GetMetadataInput.m in Sources */,
				AA4FC607CA6DAE43529F73D0 /* ResultsCollection.m in Sources */,
				AAB81CD04AA61149FF80C59C /* CollectionSearchRecords.m in Sources */,
				AA7ED381F9BC944C23BD543C /* SearchRecordController.m in Sources */,
				AA20637939D86C461AB3B115 /* MetadataController.m in Sources */,
				 AA11DDBF43D46844BB87174D /* HttpBodyRequest.m in Sources */,
				 AA50DD36EF4A77460FA1FCF9 /* BaseController.m in Sources */,
				 AAFC197240C0454208ABB71F /* UnirestClient.m in Sources */,
				 AAC8EB94B12B0341018A6DFE /* UnirestClient.m in Sources */,
				 AABF3D9D22B8334C9D902ADD /* HttpResponse.m in Sources */,
				 AA68A84148C65E4D50990EB8 /* HttpStringResponse.m in Sources */,
				 AA5B81B01CB62442DEBECA59 /* HttpRequest.m in Sources */,
            );
            runOnlyForDeploymentPostprocessing = 0;
        };
/* End PBXSourcesBuildPhase section */

/* Begin PBXTargetDependency section */
		AA5344595EAA3A41DF9DC4C4 /* PBXTargetDependency */ = {
			isa = PBXTargetDependency;
			target = AA83F2B259C3D14D29A5CD01 /* DigitalNewzealand */;
			targetProxy = AACA633169D75440A48C5674 /* PBXContainerItemProxy */;
		};
        AA949EAA3BBCF548A2916DD5 /* PBXTargetDependency */ = {
            isa = PBXTargetDependency;
            target = AA83F2B259C3D14D29A5CD01 /* DigitalNewzealand */;
            targetProxy = AACA633169D75440A48C5674 /* PBXContainerItemProxy */;
        };
/* End PBXTargetDependency section */

/* Begin XCBuildConfiguration section */
		AA3A9746962D09490EA4F4D4 /* Debug */ = {
			isa = XCBuildConfiguration;
			buildSettings = {
				PRODUCT_NAME = "$(TARGET_NAME)";
			};
			name = Debug;
		};
		AAB25FDF637F224087BD05EB /* Release */ = {
			isa = XCBuildConfiguration;
			buildSettings = {
				PRODUCT_NAME = "$(TARGET_NAME)";
			};
			name = Release;
		};
        AA86BE9500E5D140EF82685C /* Debug */ = {
            isa = XCBuildConfiguration;
            buildSettings = {
                ALWAYS_SEARCH_USER_PATHS = NO;
                ARCHS = "$(ARCHS_STANDARD_INCLUDING_64_BIT)";
                CLANG_CXX_LANGUAGE_STANDARD = "gnu++0x";
                CLANG_CXX_LIBRARY = "libc++";
                CLANG_ENABLE_MODULES = YES;
                CLANG_ENABLE_OBJC_ARC = YES;
                CLANG_WARN_BOOL_CONVERSION = YES;
                CLANG_WARN_CONSTANT_CONVERSION = YES;
                CLANG_WARN_DIRECT_OBJC_ISA_USAGE = YES_ERROR;
                CLANG_WARN_EMPTY_BODY = YES;
                CLANG_WARN_ENUM_CONVERSION = YES;
                CLANG_WARN_INT_CONVERSION = YES;
                CLANG_WARN_OBJC_ROOT_CLASS = YES_ERROR;
                CLANG_WARN__DUPLICATE_METHOD_MATCH = YES;
                COPY_PHASE_STRIP = NO;
                GCC_C_LANGUAGE_STANDARD = gnu99;
                GCC_DYNAMIC_NO_PIC = NO;
                GCC_OPTIMIZATION_LEVEL = 0;
                GCC_PREPROCESSOR_DEFINITIONS = (
                    "DEBUG=1",
                    "$(inherited)",
                );
                GCC_SYMBOLS_PRIVATE_EXTERN = NO;
                GCC_WARN_64_TO_32_BIT_CONVERSION = YES;
                GCC_WARN_ABOUT_RETURN_TYPE = YES_ERROR;
                GCC_WARN_UNDECLARED_SELECTOR = YES;
                GCC_WARN_UNINITIALIZED_AUTOS = YES;
                GCC_WARN_UNUSED_FUNCTION = YES;
                GCC_WARN_UNUSED_VARIABLE = YES;
                IPHONEOS_DEPLOYMENT_TARGET = 7.0;
                ONLY_ACTIVE_ARCH = YES;
                SDKROOT = iphoneos;
            };
            name = Debug;
        };
        AA7889D214EF0440BA839B41 /* Release */ = {
            isa = XCBuildConfiguration;
            buildSettings = {
                ALWAYS_SEARCH_USER_PATHS = NO;
                ARCHS = "$(ARCHS_STANDARD_INCLUDING_64_BIT)";
                CLANG_CXX_LANGUAGE_STANDARD = "gnu++0x";
                CLANG_CXX_LIBRARY = "libc++";
                CLANG_ENABLE_MODULES = YES;
                CLANG_ENABLE_OBJC_ARC = YES;
                CLANG_WARN_BOOL_CONVERSION = YES;
                CLANG_WARN_CONSTANT_CONVERSION = YES;
                CLANG_WARN_DIRECT_OBJC_ISA_USAGE = YES_ERROR;
                CLANG_WARN_EMPTY_BODY = YES;
                CLANG_WARN_ENUM_CONVERSION = YES;
                CLANG_WARN_INT_CONVERSION = YES;
                CLANG_WARN_OBJC_ROOT_CLASS = YES_ERROR;
                CLANG_WARN__DUPLICATE_METHOD_MATCH = YES;
                COPY_PHASE_STRIP = YES;
                ENABLE_NS_ASSERTIONS = NO;
                GCC_C_LANGUAGE_STANDARD = gnu99;
                GCC_WARN_64_TO_32_BIT_CONVERSION = YES;
                GCC_WARN_ABOUT_RETURN_TYPE = YES_ERROR;
                GCC_WARN_UNDECLARED_SELECTOR = YES;
                GCC_WARN_UNINITIALIZED_AUTOS = YES;
                GCC_WARN_UNUSED_FUNCTION = YES;
                GCC_WARN_UNUSED_VARIABLE = YES;
                IPHONEOS_DEPLOYMENT_TARGET = 7.0;
                SDKROOT = iphoneos;
                VALIDATE_PRODUCT = YES;
            };
            name = Release;
        };
        AA1FB7E5E2D0884AFFB54DEE /* Debug */ = {
            isa = XCBuildConfiguration;
            buildSettings = {
                DEAD_CODE_STRIPPING = NO;
                DSTROOT = /tmp/DigitalNewzealand.dst;
                GCC_PRECOMPILE_PREFIX_HEADER = YES;
                GCC_PREFIX_HEADER = "DigitalNewzealand/DigitalNewzealand-Prefix.pch";
                OTHER_LDFLAGS = "";
                PRODUCT_NAME = "$(TARGET_NAME)";
				PUBLIC_HEADERS_FOLDER_PATH = "include/$(PROJECT_NAME)";
                SKIP_INSTALL = YES;
				STRIP_INSTALLED_PRODUCT = NO;
				STRIP_STYLE = "non-global";
            };
            name = Debug;
        };
        AA7017AE80E3F64284B6F9DF /* Release */ = {
            isa = XCBuildConfiguration;
            buildSettings = {
				COPY_PHASE_STRIP = NO;
				DEAD_CODE_STRIPPING = NO;
                DSTROOT = /tmp/DigitalNewzealand.dst;
                GCC_PRECOMPILE_PREFIX_HEADER = YES;
                GCC_PREFIX_HEADER = "DigitalNewzealand/DigitalNewzealand-Prefix.pch";
                OTHER_LDFLAGS = "";
                PRODUCT_NAME = "$(TARGET_NAME)";
				PUBLIC_HEADERS_FOLDER_PATH = "include/$(PROJECT_NAME)";
                SKIP_INSTALL = YES;
				STRIP_INSTALLED_PRODUCT = NO;
				STRIP_STYLE = "non-global";
            };
            name = Release;
        };
/* End XCBuildConfiguration section */

/* Begin XCConfigurationList section */
		AA312D19670B3940E4892E3A /* Build configuration list for PBXAggregateTarget "Framework" */ = {
			isa = XCConfigurationList;
			buildConfigurations = (
				AA3A9746962D09490EA4F4D4 /* Debug */,
				AAB25FDF637F224087BD05EB /* Release */,
			);
			defaultConfigurationIsVisible = 0;
		};
        AAD0FE326EC7B84B2D80DDD1 /* Build configuration list for PBXProject "DigitalNewzealand" */ = {
            isa = XCConfigurationList;
            buildConfigurations = (
                AA86BE9500E5D140EF82685C /* Debug */,
                AA7889D214EF0440BA839B41 /* Release */,
            );
            defaultConfigurationIsVisible = 0;
            defaultConfigurationName = Release;
        };
        AA668C0FD2DB0A4B6396A45C /* Build configuration list for PBXNativeTarget "DigitalNewzealand" */ = {
            isa = XCConfigurationList;
            buildConfigurations = (
                AA1FB7E5E2D0884AFFB54DEE /* Debug */,
                AA7017AE80E3F64284B6F9DF /* Release */,
            );
            defaultConfigurationIsVisible = 0;
            defaultConfigurationName = Release;
        };
/* End XCConfigurationList section */
    };
    rootObject = AAEAB9828784984B58B71712 /* Project object */;
}